// !$*UTF8*$!
{
	archiveVersion = 1;
	classes = {
	};
	objectVersion = 47;
	objects = {

/* Begin PBXBuildFile section */
		391C3F2D1AA594F80077835F /* transparentbar-01.png in Resources */ = {isa = PBXBuildFile; fileRef = 391C3F2C1AA594F80077835F /* transparentbar-01.png */; };
		391C3F371AA599D30077835F /* en-colour.png in Resources */ = {isa = PBXBuildFile; fileRef = 391C3F301AA599D30077835F /* en-colour.png */; };
		391C3F381AA599D30077835F /* en-eraser.png in Resources */ = {isa = PBXBuildFile; fileRef = 391C3F311AA599D30077835F /* en-eraser.png */; };
		391C3F391AA599D30077835F /* en-redo.png in Resources */ = {isa = PBXBuildFile; fileRef = 391C3F321AA599D30077835F /* en-redo.png */; };
		391C3F3B1AA599D30077835F /* en-share.png in Resources */ = {isa = PBXBuildFile; fileRef = 391C3F341AA599D30077835F /* en-share.png */; };
		391C3F3C1AA599D30077835F /* en-undo.png in Resources */ = {isa = PBXBuildFile; fileRef = 391C3F351AA599D30077835F /* en-undo.png */; };
		391C3F3D1AA599D30077835F /* en-drawing_tool.png in Resources */ = {isa = PBXBuildFile; fileRef = 391C3F361AA599D30077835F /* en-drawing_tool.png */; };
		391C3F3F1AA5A21E0077835F /* en-brush_size.png in Resources */ = {isa = PBXBuildFile; fileRef = 391C3F3E1AA5A21E0077835F /* en-brush_size.png */; };
		391C3F471AA5AC030077835F /* en-share_back.png in Resources */ = {isa = PBXBuildFile; fileRef = 391C3F441AA5AC030077835F /* en-share_back.png */; };
		391C3F481AA5AC030077835F /* en-share_newdrawing.png in Resources */ = {isa = PBXBuildFile; fileRef = 391C3F451AA5AC030077835F /* en-share_newdrawing.png */; };
		391C3F491AA5AC030077835F /* en-share_share.png in Resources */ = {isa = PBXBuildFile; fileRef = 391C3F461AA5AC030077835F /* en-share_share.png */; };
		3940AC031AADA9AA00A67BCF /* en-background.png in Resources */ = {isa = PBXBuildFile; fileRef = 3940AC021AADA9AA00A67BCF /* en-background.png */; };
		3940AC111AADABB300A67BCF /* HiRes 21.jpg in Resources */ = {isa = PBXBuildFile; fileRef = 3940AC041AADABB300A67BCF /* HiRes 21.jpg */; };
		3940AC121AADABB300A67BCF /* HiRes 41.jpg in Resources */ = {isa = PBXBuildFile; fileRef = 3940AC051AADABB300A67BCF /* HiRes 41.jpg */; };
		3940AC131AADABB300A67BCF /* iStock_000009509902_Large1.jpg in Resources */ = {isa = PBXBuildFile; fileRef = 3940AC061AADABB300A67BCF /* iStock_000009509902_Large1.jpg */; };
		3940AC141AADABB300A67BCF /* iStock_000014427448_Large1.jpg in Resources */ = {isa = PBXBuildFile; fileRef = 3940AC071AADABB300A67BCF /* iStock_000014427448_Large1.jpg */; };
		3940AC151AADABB300A67BCF /* iStock_000017124788_Full1.jpg in Resources */ = {isa = PBXBuildFile; fileRef = 3940AC081AADABB300A67BCF /* iStock_000017124788_Full1.jpg */; };
		3940AC161AADABB300A67BCF /* iStock_000019745738_Double1.jpg in Resources */ = {isa = PBXBuildFile; fileRef = 3940AC091AADABB300A67BCF /* iStock_000019745738_Double1.jpg */; };
		3940AC171AADABB300A67BCF /* iStock_000027044374_Full1.jpg in Resources */ = {isa = PBXBuildFile; fileRef = 3940AC0A1AADABB300A67BCF /* iStock_000027044374_Full1.jpg */; };
		3940AC181AADABB300A67BCF /* iStock_000027128226_Double1.jpg in Resources */ = {isa = PBXBuildFile; fileRef = 3940AC0B1AADABB300A67BCF /* iStock_000027128226_Double1.jpg */; };
		3940AC191AADABB300A67BCF /* iStock_000027733133_Full1.jpg in Resources */ = {isa = PBXBuildFile; fileRef = 3940AC0C1AADABB300A67BCF /* iStock_000027733133_Full1.jpg */; };
		3940AC1A1AADABB300A67BCF /* iStock_000034045744_Double1.jpg in Resources */ = {isa = PBXBuildFile; fileRef = 3940AC0D1AADABB300A67BCF /* iStock_000034045744_Double1.jpg */; };
		3940AC1B1AADABB300A67BCF /* iStock_000034061454_Medium1.jpg in Resources */ = {isa = PBXBuildFile; fileRef = 3940AC0E1AADABB300A67BCF /* iStock_000034061454_Medium1.jpg */; };
		3940AC1C1AADABB300A67BCF /* iStock_000040341042_Double1.jpg in Resources */ = {isa = PBXBuildFile; fileRef = 3940AC0F1AADABB300A67BCF /* iStock_000040341042_Double1.jpg */; };
		3940AC1D1AADABB300A67BCF /* iStock_000048547986_XXXLarge1.jpg in Resources */ = {isa = PBXBuildFile; fileRef = 3940AC101AADABB300A67BCF /* iStock_000048547986_XXXLarge1.jpg */; };
		3940AC231AADB5B100A67BCF /* AppIcon76x76.png in Resources */ = {isa = PBXBuildFile; fileRef = 3940AC211AADB5B100A67BCF /* AppIcon76x76.png */; };
		3940AC241AADB5B100A67BCF /* AppIcon76x76@2x.png in Resources */ = {isa = PBXBuildFile; fileRef = 3940AC221AADB5B100A67BCF /* AppIcon76x76@2x.png */; };
		3940AC291AADB68000A67BCF /* AppIcon29x29.png in Resources */ = {isa = PBXBuildFile; fileRef = 3940AC251AADB68000A67BCF /* AppIcon29x29.png */; };
		3940AC2A1AADB68000A67BCF /* AppIcon29x29@2x.png in Resources */ = {isa = PBXBuildFile; fileRef = 3940AC261AADB68000A67BCF /* AppIcon29x29@2x.png */; };
		3940AC2B1AADB68000A67BCF /* AppIcon40x40.png in Resources */ = {isa = PBXBuildFile; fileRef = 3940AC271AADB68000A67BCF /* AppIcon40x40.png */; };
		3940AC2C1AADB68000A67BCF /* AppIcon40x40@2x.png in Resources */ = {isa = PBXBuildFile; fileRef = 3940AC281AADB68000A67BCF /* AppIcon40x40@2x.png */; };
		3940AC2F1AADC7EB00A67BCF /* UniversLTStd.otf in Resources */ = {isa = PBXBuildFile; fileRef = 3940AC2E1AADC7EB00A67BCF /* UniversLTStd.otf */; };
		3940AC401AAF4D7600A67BCF /* iStock_000048547986_XXXLarge1-SM.jpg in Resources */ = {isa = PBXBuildFile; fileRef = 3940AC331AAF4D7600A67BCF /* iStock_000048547986_XXXLarge1-SM.jpg */; };
		3940AC411AAF4D7600A67BCF /* iStock_000040341042_Double1-SM.jpg in Resources */ = {isa = PBXBuildFile; fileRef = 3940AC341AAF4D7600A67BCF /* iStock_000040341042_Double1-SM.jpg */; };
		3940AC421AAF4D7600A67BCF /* iStock_000034061454_Medium1-SM.jpg in Resources */ = {isa = PBXBuildFile; fileRef = 3940AC351AAF4D7600A67BCF /* iStock_000034061454_Medium1-SM.jpg */; };
		3940AC431AAF4D7600A67BCF /* iStock_000034045744_Double1-SM.jpg in Resources */ = {isa = PBXBuildFile; fileRef = 3940AC361AAF4D7600A67BCF /* iStock_000034045744_Double1-SM.jpg */; };
		3940AC441AAF4D7600A67BCF /* iStock_000027733133_Full1-SM.jpg in Resources */ = {isa = PBXBuildFile; fileRef = 3940AC371AAF4D7600A67BCF /* iStock_000027733133_Full1-SM.jpg */; };
		3940AC451AAF4D7600A67BCF /* iStock_000027128226_Double1-SM.jpg in Resources */ = {isa = PBXBuildFile; fileRef = 3940AC381AAF4D7600A67BCF /* iStock_000027128226_Double1-SM.jpg */; };
		3940AC461AAF4D7600A67BCF /* iStock_000027044374_Full1-SM.jpg in Resources */ = {isa = PBXBuildFile; fileRef = 3940AC391AAF4D7600A67BCF /* iStock_000027044374_Full1-SM.jpg */; };
		3940AC471AAF4D7600A67BCF /* iStock_000019745738_Double1-SM.jpg in Resources */ = {isa = PBXBuildFile; fileRef = 3940AC3A1AAF4D7600A67BCF /* iStock_000019745738_Double1-SM.jpg */; };
		3940AC481AAF4D7600A67BCF /* iStock_000017124788_Full1-SM.jpg in Resources */ = {isa = PBXBuildFile; fileRef = 3940AC3B1AAF4D7600A67BCF /* iStock_000017124788_Full1-SM.jpg */; };
		3940AC491AAF4D7600A67BCF /* iStock_000014427448_Large1-SM.jpg in Resources */ = {isa = PBXBuildFile; fileRef = 3940AC3C1AAF4D7600A67BCF /* iStock_000014427448_Large1-SM.jpg */; };
		3940AC4A1AAF4D7600A67BCF /* iStock_000009509902_Large1-SM.jpg in Resources */ = {isa = PBXBuildFile; fileRef = 3940AC3D1AAF4D7600A67BCF /* iStock_000009509902_Large1-SM.jpg */; };
		3940AC4B1AAF4D7600A67BCF /* HiRes 41-SM.jpg in Resources */ = {isa = PBXBuildFile; fileRef = 3940AC3E1AAF4D7600A67BCF /* HiRes 41-SM.jpg */; };
		3940AC4C1AAF4D7600A67BCF /* HiRes 21-SM.jpg in Resources */ = {isa = PBXBuildFile; fileRef = 3940AC3F1AAF4D7600A67BCF /* HiRes 21-SM.jpg */; };
		3950582F1AB3ED3300F4A873 /* draw_background-SM-01.jpg in Resources */ = {isa = PBXBuildFile; fileRef = 3950582D1AB3ED3300F4A873 /* draw_background-SM-01.jpg */; };
		395058301AB3ED3300F4A873 /* en-background_img.jpg in Resources */ = {isa = PBXBuildFile; fileRef = 3950582E1AB3ED3300F4A873 /* en-background_img.jpg */; };
		395058341AB3F63000F4A873 /* sharebackground-01.jpg in Resources */ = {isa = PBXBuildFile; fileRef = 395058331AB3F63000F4A873 /* sharebackground-01.jpg */; };
		395058361AB3FCAE00F4A873 /* Toolbar-01.jpg in Resources */ = {isa = PBXBuildFile; fileRef = 395058351AB3FCAE00F4A873 /* Toolbar-01.jpg */; };
		3950583A1AB45F5B00F4A873 /* SplashPage.png in Resources */ = {isa = PBXBuildFile; fileRef = 395058391AB45F5B00F4A873 /* SplashPage.png */; };
		39A69DB91A9B068700198456 /* ShareViewController.m in Sources */ = {isa = PBXBuildFile; fileRef = 39A69DB81A9B068700198456 /* ShareViewController.m */; };
		39A8BBBB1A98192400948AB9 /* WindowViewController.m in Sources */ = {isa = PBXBuildFile; fileRef = 39A8BBBA1A98192400948AB9 /* WindowViewController.m */; };
		39A8BBC11A981CA000948AB9 /* SizeViewController.m in Sources */ = {isa = PBXBuildFile; fileRef = 39A8BBC01A981CA000948AB9 /* SizeViewController.m */; };
		39A8BBC81A981F8500948AB9 /* BackgroundTableViewController.m in Sources */ = {isa = PBXBuildFile; fileRef = 39A8BBC71A981F8500948AB9 /* BackgroundTableViewController.m */; };
		39A8BCA51A99132A00948AB9 /* Accelerate.framework in Frameworks */ = {isa = PBXBuildFile; fileRef = 39A8BCA41A99132A00948AB9 /* Accelerate.framework */; };
		39C3DE221A997AE3002E0E9D /* ANImageBitmapRep.m in Sources */ = {isa = PBXBuildFile; fileRef = 39C3DDF61A997AE3002E0E9D /* ANImageBitmapRep.m */; };
		39C3DE231A997AE3002E0E9D /* BitmapContextRep.m in Sources */ = {isa = PBXBuildFile; fileRef = 39C3DDF81A997AE3002E0E9D /* BitmapContextRep.m */; };
		39C3DE241A997AE3002E0E9D /* NSImage+ANImageBitmapRep.m in Sources */ = {isa = PBXBuildFile; fileRef = 39C3DDFB1A997AE3002E0E9D /* NSImage+ANImageBitmapRep.m */; };
		39C3DE251A997AE3002E0E9D /* OSCommonImage.m in Sources */ = {isa = PBXBuildFile; fileRef = 39C3DDFD1A997AE3002E0E9D /* OSCommonImage.m */; };
		39C3DE261A997AE3002E0E9D /* UIImage+ANImageBitmapRep.m in Sources */ = {isa = PBXBuildFile; fileRef = 39C3DDFF1A997AE3002E0E9D /* UIImage+ANImageBitmapRep.m */; };
		39C3DE271A997AE3002E0E9D /* CGContextCreator.m in Sources */ = {isa = PBXBuildFile; fileRef = 39C3DE021A997AE3002E0E9D /* CGContextCreator.m */; };
		39C3DE281A997AE3002E0E9D /* CGImageContainer.m in Sources */ = {isa = PBXBuildFile; fileRef = 39C3DE041A997AE3002E0E9D /* CGImageContainer.m */; };
		39C3DE291A997AE3002E0E9D /* BitmapContextManipulator.m in Sources */ = {isa = PBXBuildFile; fileRef = 39C3DE071A997AE3002E0E9D /* BitmapContextManipulator.m */; };
		39C3DE2A1A997AE3002E0E9D /* BitmapCropManipulator.m in Sources */ = {isa = PBXBuildFile; fileRef = 39C3DE091A997AE3002E0E9D /* BitmapCropManipulator.m */; };
		39C3DE2B1A997AE3002E0E9D /* BitmapDrawManipulator.m in Sources */ = {isa = PBXBuildFile; fileRef = 39C3DE0B1A997AE3002E0E9D /* BitmapDrawManipulator.m */; };
		39C3DE2C1A997AE3002E0E9D /* BitmapRotationManipulator.m in Sources */ = {isa = PBXBuildFile; fileRef = 39C3DE0D1A997AE3002E0E9D /* BitmapRotationManipulator.m */; };
		39C3DE2D1A997AE3002E0E9D /* BitmapScaleManipulator.m in Sources */ = {isa = PBXBuildFile; fileRef = 39C3DE0F1A997AE3002E0E9D /* BitmapScaleManipulator.m */; };
		39C3DE2E1A997AE3002E0E9D /* BGRSLoupeLayer.m in Sources */ = {isa = PBXBuildFile; fileRef = 39C3DE111A997AE3002E0E9D /* BGRSLoupeLayer.m */; };
		39C3DE2F1A997AE3002E0E9D /* RSColorFunctions.m in Sources */ = {isa = PBXBuildFile; fileRef = 39C3DE131A997AE3002E0E9D /* RSColorFunctions.m */; };
		39C3DE301A997AE3002E0E9D /* RSColorPickerState.m in Sources */ = {isa = PBXBuildFile; fileRef = 39C3DE151A997AE3002E0E9D /* RSColorPickerState.m */; };
		39C3DE311A997AE3002E0E9D /* RSColorPickerView.m in Sources */ = {isa = PBXBuildFile; fileRef = 39C3DE171A997AE3002E0E9D /* RSColorPickerView.m */; };
		39C3DE321A997AE3002E0E9D /* RSGenerateOperation.m in Sources */ = {isa = PBXBuildFile; fileRef = 39C3DE191A997AE3002E0E9D /* RSGenerateOperation.m */; };
		39C3DE331A997AE3002E0E9D /* RSSelectionLayer.m in Sources */ = {isa = PBXBuildFile; fileRef = 39C3DE1B1A997AE3002E0E9D /* RSSelectionLayer.m */; };
		39C3DE341A997AE3002E0E9D /* RSBrightnessSlider.m in Sources */ = {isa = PBXBuildFile; fileRef = 39C3DE1D1A997AE3002E0E9D /* RSBrightnessSlider.m */; };
		39C3DE351A997AE3002E0E9D /* RSColorPickerAppDelegate.m in Sources */ = {isa = PBXBuildFile; fileRef = 39C3DE1F1A997AE3002E0E9D /* RSColorPickerAppDelegate.m */; };
		39C3DE361A997AE3002E0E9D /* RSOpacitySlider.m in Sources */ = {isa = PBXBuildFile; fileRef = 39C3DE211A997AE3002E0E9D /* RSOpacitySlider.m */; };
		39C3DE391A997B0D002E0E9D /* TestColorViewController.m in Sources */ = {isa = PBXBuildFile; fileRef = 39C3DE381A997B0D002E0E9D /* TestColorViewController.m */; };
		39FEF5691AACE79300488B1A /* TweetViewController.m in Sources */ = {isa = PBXBuildFile; fileRef = 39FEF5681AACE79300488B1A /* TweetViewController.m */; };
		39FFCA6D1AA283C100C7E5E3 /* TwitterKit.framework in Frameworks */ = {isa = PBXBuildFile; fileRef = 39FFCA6A1AA283C100C7E5E3 /* TwitterKit.framework */; };
		39FFCA6E1AA283C100C7E5E3 /* TwitterKitResources.bundle in Resources */ = {isa = PBXBuildFile; fileRef = 39FFCA6B1AA283C100C7E5E3 /* TwitterKitResources.bundle */; };
		39FFCA6F1AA283C100C7E5E3 /* Fabric.framework in Frameworks */ = {isa = PBXBuildFile; fileRef = 39FFCA6C1AA283C100C7E5E3 /* Fabric.framework */; };
		AB3632821BC5FC6000B79B20 /* en-language.png in Resources */ = {isa = PBXBuildFile; fileRef = AB3632801BC5FC6000B79B20 /* en-language.png */; settings = {ASSET_TAGS = (); }; };
		AB3632831BC5FC6000B79B20 /* fr-language.png in Resources */ = {isa = PBXBuildFile; fileRef = AB3632811BC5FC6000B79B20 /* fr-language.png */; settings = {ASSET_TAGS = (); }; };
		AB8F878C1B97C761004F6ACE /* TwitterCore.framework in Frameworks */ = {isa = PBXBuildFile; fileRef = AB8F87891B97C761004F6ACE /* TwitterCore.framework */; };
		AB8F878D1B97C761004F6ACE /* DigitsKit.framework in Frameworks */ = {isa = PBXBuildFile; fileRef = AB8F878A1B97C761004F6ACE /* DigitsKit.framework */; };
		AB8F878E1B97C761004F6ACE /* DigitsKitResources.bundle in Resources */ = {isa = PBXBuildFile; fileRef = AB8F878B1B97C761004F6ACE /* DigitsKitResources.bundle */; };
		ABDE6EA91BA24FF2003506CE /* Crashlytics.framework in Frameworks */ = {isa = PBXBuildFile; fileRef = ABDE6EA81BA24FF2003506CE /* Crashlytics.framework */; settings = {ASSET_TAGS = (); }; };
		ABFFAA071BC2D2E100454CF7 /* fr-brush_size.png in Resources */ = {isa = PBXBuildFile; fileRef = ABFFA9FF1BC2D2E100454CF7 /* fr-brush_size.png */; settings = {ASSET_TAGS = (); }; };
		ABFFAA081BC2D2E100454CF7 /* fr-colour.png in Resources */ = {isa = PBXBuildFile; fileRef = ABFFAA001BC2D2E100454CF7 /* fr-colour.png */; settings = {ASSET_TAGS = (); }; };
		ABFFAA0B1BC2D2E100454CF7 /* fr-redo.png in Resources */ = {isa = PBXBuildFile; fileRef = ABFFAA031BC2D2E100454CF7 /* fr-redo.png */; settings = {ASSET_TAGS = (); }; };
		ABFFAA0C1BC2D2E100454CF7 /* fr-share.png in Resources */ = {isa = PBXBuildFile; fileRef = ABFFAA041BC2D2E100454CF7 /* fr-share.png */; settings = {ASSET_TAGS = (); }; };
		ABFFAA0D1BC2D2E100454CF7 /* fr-undo.png in Resources */ = {isa = PBXBuildFile; fileRef = ABFFAA051BC2D2E100454CF7 /* fr-undo.png */; settings = {ASSET_TAGS = (); }; };
		ABFFAA4C1BC2F82B00454CF7 /* fr-background.png in Resources */ = {isa = PBXBuildFile; fileRef = ABFFAA4B1BC2F82B00454CF7 /* fr-background.png */; settings = {ASSET_TAGS = (); }; };
		ABFFAA561BC3013B00454CF7 /* fr-drawing_tool.png in Resources */ = {isa = PBXBuildFile; fileRef = ABFFAA551BC3013B00454CF7 /* fr-drawing_tool.png */; settings = {ASSET_TAGS = (); }; };
		ABFFAA8F1BC3027900454CF7 /* fr-eraser.png in Resources */ = {isa = PBXBuildFile; fileRef = ABFFAA8E1BC3027900454CF7 /* fr-eraser.png */; settings = {ASSET_TAGS = (); }; };
		ABFFAA951BC3079F00454CF7 /* fr-background_img.jpg in Resources */ = {isa = PBXBuildFile; fileRef = ABFFAA941BC3079F00454CF7 /* fr-background_img.jpg */; settings = {ASSET_TAGS = (); }; };
		ABFFAB3D1BC30A3300454CF7 /* en-share_banner.png in Resources */ = {isa = PBXBuildFile; fileRef = ABFFAB3B1BC30A3300454CF7 /* en-share_banner.png */; settings = {ASSET_TAGS = (); }; };
		ABFFAB3E1BC30A3300454CF7 /* fr-share_banner.png in Resources */ = {isa = PBXBuildFile; fileRef = ABFFAB3C1BC30A3300454CF7 /* fr-share_banner.png */; settings = {ASSET_TAGS = (); }; };
		ABFFAB401BC30AE100454CF7 /* en-logo.png in Resources */ = {isa = PBXBuildFile; fileRef = ABFFAB3F1BC30AE100454CF7 /* en-logo.png */; settings = {ASSET_TAGS = (); }; };
		ABFFAB461BC3271700454CF7 /* fr-logo.png in Resources */ = {isa = PBXBuildFile; fileRef = ABFFAB451BC3271700454CF7 /* fr-logo.png */; settings = {ASSET_TAGS = (); }; };
		ABFFAB4A1BC336D400454CF7 /* fr-share_back.png in Resources */ = {isa = PBXBuildFile; fileRef = ABFFAB471BC336D400454CF7 /* fr-share_back.png */; settings = {ASSET_TAGS = (); }; };
		ABFFAB4B1BC336D400454CF7 /* fr-share_newdrawing.png in Resources */ = {isa = PBXBuildFile; fileRef = ABFFAB481BC336D400454CF7 /* fr-share_newdrawing.png */; settings = {ASSET_TAGS = (); }; };
		ABFFAB4C1BC336D400454CF7 /* fr-share_share.png in Resources */ = {isa = PBXBuildFile; fileRef = ABFFAB491BC336D400454CF7 /* fr-share_share.png */; settings = {ASSET_TAGS = (); }; };
		D3792A52198F7443006AC98D /* QuadDrawView.m in Sources */ = {isa = PBXBuildFile; fileRef = D3792A50198F7443006AC98D /* QuadDrawView.m */; };
		D3CD812D1989FB0D00EA4DDB /* Foundation.framework in Frameworks */ = {isa = PBXBuildFile; fileRef = D3CD812C1989FB0D00EA4DDB /* Foundation.framework */; };
		D3CD812F1989FB0D00EA4DDB /* CoreGraphics.framework in Frameworks */ = {isa = PBXBuildFile; fileRef = D3CD812E1989FB0D00EA4DDB /* CoreGraphics.framework */; };
		D3CD81311989FB0D00EA4DDB /* UIKit.framework in Frameworks */ = {isa = PBXBuildFile; fileRef = D3CD81301989FB0D00EA4DDB /* UIKit.framework */; };
		D3CD81371989FB0D00EA4DDB /* InfoPlist.strings in Resources */ = {isa = PBXBuildFile; fileRef = D3CD81351989FB0D00EA4DDB /* InfoPlist.strings */; };
		D3CD81391989FB0D00EA4DDB /* main.m in Sources */ = {isa = PBXBuildFile; fileRef = D3CD81381989FB0D00EA4DDB /* main.m */; };
		D3CD813D1989FB0D00EA4DDB /* AppDelegate.m in Sources */ = {isa = PBXBuildFile; fileRef = D3CD813C1989FB0D00EA4DDB /* AppDelegate.m */; };
		D3CD81401989FB0D00EA4DDB /* Main.storyboard in Resources */ = {isa = PBXBuildFile; fileRef = D3CD813E1989FB0D00EA4DDB /* Main.storyboard */; };
		D3CD81451989FB0D00EA4DDB /* Images.xcassets in Resources */ = {isa = PBXBuildFile; fileRef = D3CD81441989FB0D00EA4DDB /* Images.xcassets */; };
		D3CD814D1989FB0D00EA4DDB /* Foundation.framework in Frameworks */ = {isa = PBXBuildFile; fileRef = D3CD812C1989FB0D00EA4DDB /* Foundation.framework */; };
		D3CD814E1989FB0D00EA4DDB /* UIKit.framework in Frameworks */ = {isa = PBXBuildFile; fileRef = D3CD81301989FB0D00EA4DDB /* UIKit.framework */; };
		D3CD81561989FB0D00EA4DDB /* InfoPlist.strings in Resources */ = {isa = PBXBuildFile; fileRef = D3CD81541989FB0D00EA4DDB /* InfoPlist.strings */; };
		D3CD81581989FB0D00EA4DDB /* DrawTests.m in Sources */ = {isa = PBXBuildFile; fileRef = D3CD81571989FB0D00EA4DDB /* DrawTests.m */; };
		D3CD81651989FDE700EA4DDB /* AssetsLibrary.framework in Frameworks */ = {isa = PBXBuildFile; fileRef = D3CD81641989FDE700EA4DDB /* AssetsLibrary.framework */; };
		D3CD816A198A0E3D00EA4DDB /* QuartzCore.framework in Frameworks */ = {isa = PBXBuildFile; fileRef = D3CD8169198A0E3D00EA4DDB /* QuartzCore.framework */; };
/* End PBXBuildFile section */

/* Begin PBXContainerItemProxy section */
		D3CD814F1989FB0D00EA4DDB /* PBXContainerItemProxy */ = {
			isa = PBXContainerItemProxy;
			containerPortal = D3CD81211989FB0D00EA4DDB /* Project object */;
			proxyType = 1;
			remoteGlobalIDString = D3CD81281989FB0D00EA4DDB;
			remoteInfo = Draw;
		};
/* End PBXContainerItemProxy section */

/* Begin PBXFileReference section */
		391C3F2C1AA594F80077835F /* transparentbar-01.png */ = {isa = PBXFileReference; lastKnownFileType = image.png; name = "transparentbar-01.png"; path = "Icons/Buttons/transparentbar-01.png"; sourceTree = "<group>"; };
		391C3F301AA599D30077835F /* en-colour.png */ = {isa = PBXFileReference; lastKnownFileType = image.png; name = "en-colour.png"; path = "Icons/Buttons/en-colour.png"; sourceTree = "<group>"; };
		391C3F311AA599D30077835F /* en-eraser.png */ = {isa = PBXFileReference; lastKnownFileType = image.png; name = "en-eraser.png"; path = "Icons/Buttons/en-eraser.png"; sourceTree = "<group>"; };
		391C3F321AA599D30077835F /* en-redo.png */ = {isa = PBXFileReference; lastKnownFileType = image.png; name = "en-redo.png"; path = "Icons/Buttons/en-redo.png"; sourceTree = "<group>"; };
		391C3F341AA599D30077835F /* en-share.png */ = {isa = PBXFileReference; lastKnownFileType = image.png; name = "en-share.png"; path = "Icons/Buttons/en-share.png"; sourceTree = "<group>"; };
		391C3F351AA599D30077835F /* en-undo.png */ = {isa = PBXFileReference; lastKnownFileType = image.png; name = "en-undo.png"; path = "Icons/Buttons/en-undo.png"; sourceTree = "<group>"; };
		391C3F361AA599D30077835F /* en-drawing_tool.png */ = {isa = PBXFileReference; lastKnownFileType = image.png; name = "en-drawing_tool.png"; path = "Icons/Buttons/en-drawing_tool.png"; sourceTree = "<group>"; };
		391C3F3E1AA5A21E0077835F /* en-brush_size.png */ = {isa = PBXFileReference; lastKnownFileType = image.png; name = "en-brush_size.png"; path = "Icons/Buttons/en-brush_size.png"; sourceTree = "<group>"; };
		391C3F441AA5AC030077835F /* en-share_back.png */ = {isa = PBXFileReference; lastKnownFileType = image.png; name = "en-share_back.png"; path = "Icons/Buttons/en-share_back.png"; sourceTree = "<group>"; };
		391C3F451AA5AC030077835F /* en-share_newdrawing.png */ = {isa = PBXFileReference; lastKnownFileType = image.png; name = "en-share_newdrawing.png"; path = "Icons/Buttons/en-share_newdrawing.png"; sourceTree = "<group>"; };
		391C3F461AA5AC030077835F /* en-share_share.png */ = {isa = PBXFileReference; lastKnownFileType = image.png; name = "en-share_share.png"; path = "Icons/Buttons/en-share_share.png"; sourceTree = "<group>"; };
		3940AC021AADA9AA00A67BCF /* en-background.png */ = {isa = PBXFileReference; lastKnownFileType = image.png; name = "en-background.png"; path = "Icons/Buttons/en-background.png"; sourceTree = "<group>"; };
		3940AC041AADABB300A67BCF /* HiRes 21.jpg */ = {isa = PBXFileReference; lastKnownFileType = image.jpeg; name = "HiRes 21.jpg"; path = "Images/Backgrounds/HiRes 21.jpg"; sourceTree = "<group>"; };
		3940AC051AADABB300A67BCF /* HiRes 41.jpg */ = {isa = PBXFileReference; lastKnownFileType = image.jpeg; name = "HiRes 41.jpg"; path = "Images/Backgrounds/HiRes 41.jpg"; sourceTree = "<group>"; };
		3940AC061AADABB300A67BCF /* iStock_000009509902_Large1.jpg */ = {isa = PBXFileReference; lastKnownFileType = image.jpeg; name = iStock_000009509902_Large1.jpg; path = Images/Backgrounds/iStock_000009509902_Large1.jpg; sourceTree = "<group>"; };
		3940AC071AADABB300A67BCF /* iStock_000014427448_Large1.jpg */ = {isa = PBXFileReference; lastKnownFileType = image.jpeg; name = iStock_000014427448_Large1.jpg; path = Images/Backgrounds/iStock_000014427448_Large1.jpg; sourceTree = "<group>"; };
		3940AC081AADABB300A67BCF /* iStock_000017124788_Full1.jpg */ = {isa = PBXFileReference; lastKnownFileType = image.jpeg; name = iStock_000017124788_Full1.jpg; path = Images/Backgrounds/iStock_000017124788_Full1.jpg; sourceTree = "<group>"; };
		3940AC091AADABB300A67BCF /* iStock_000019745738_Double1.jpg */ = {isa = PBXFileReference; lastKnownFileType = image.jpeg; name = iStock_000019745738_Double1.jpg; path = Images/Backgrounds/iStock_000019745738_Double1.jpg; sourceTree = "<group>"; };
		3940AC0A1AADABB300A67BCF /* iStock_000027044374_Full1.jpg */ = {isa = PBXFileReference; lastKnownFileType = image.jpeg; name = iStock_000027044374_Full1.jpg; path = Images/Backgrounds/iStock_000027044374_Full1.jpg; sourceTree = "<group>"; };
		3940AC0B1AADABB300A67BCF /* iStock_000027128226_Double1.jpg */ = {isa = PBXFileReference; lastKnownFileType = image.jpeg; name = iStock_000027128226_Double1.jpg; path = Images/Backgrounds/iStock_000027128226_Double1.jpg; sourceTree = "<group>"; };
		3940AC0C1AADABB300A67BCF /* iStock_000027733133_Full1.jpg */ = {isa = PBXFileReference; lastKnownFileType = image.jpeg; name = iStock_000027733133_Full1.jpg; path = Images/Backgrounds/iStock_000027733133_Full1.jpg; sourceTree = "<group>"; };
		3940AC0D1AADABB300A67BCF /* iStock_000034045744_Double1.jpg */ = {isa = PBXFileReference; lastKnownFileType = image.jpeg; name = iStock_000034045744_Double1.jpg; path = Images/Backgrounds/iStock_000034045744_Double1.jpg; sourceTree = "<group>"; };
		3940AC0E1AADABB300A67BCF /* iStock_000034061454_Medium1.jpg */ = {isa = PBXFileReference; lastKnownFileType = image.jpeg; name = iStock_000034061454_Medium1.jpg; path = Images/Backgrounds/iStock_000034061454_Medium1.jpg; sourceTree = "<group>"; };
		3940AC0F1AADABB300A67BCF /* iStock_000040341042_Double1.jpg */ = {isa = PBXFileReference; lastKnownFileType = image.jpeg; name = iStock_000040341042_Double1.jpg; path = Images/Backgrounds/iStock_000040341042_Double1.jpg; sourceTree = "<group>"; };
		3940AC101AADABB300A67BCF /* iStock_000048547986_XXXLarge1.jpg */ = {isa = PBXFileReference; lastKnownFileType = image.jpeg; name = iStock_000048547986_XXXLarge1.jpg; path = Images/Backgrounds/iStock_000048547986_XXXLarge1.jpg; sourceTree = "<group>"; };
		3940AC211AADB5B100A67BCF /* AppIcon76x76.png */ = {isa = PBXFileReference; lastKnownFileType = image.png; name = AppIcon76x76.png; path = Images/Icons/Buttons/AppIcon76x76.png; sourceTree = "<group>"; };
		3940AC221AADB5B100A67BCF /* AppIcon76x76@2x.png */ = {isa = PBXFileReference; lastKnownFileType = image.png; name = "AppIcon76x76@2x.png"; path = "Images/Icons/Buttons/AppIcon76x76@2x.png"; sourceTree = "<group>"; };
		3940AC251AADB68000A67BCF /* AppIcon29x29.png */ = {isa = PBXFileReference; lastKnownFileType = image.png; name = AppIcon29x29.png; path = Images/Icons/Buttons/AppIcon29x29.png; sourceTree = "<group>"; };
		3940AC261AADB68000A67BCF /* AppIcon29x29@2x.png */ = {isa = PBXFileReference; lastKnownFileType = image.png; name = "AppIcon29x29@2x.png"; path = "Images/Icons/Buttons/AppIcon29x29@2x.png"; sourceTree = "<group>"; };
		3940AC271AADB68000A67BCF /* AppIcon40x40.png */ = {isa = PBXFileReference; lastKnownFileType = image.png; name = AppIcon40x40.png; path = Images/Icons/Buttons/AppIcon40x40.png; sourceTree = "<group>"; };
		3940AC281AADB68000A67BCF /* AppIcon40x40@2x.png */ = {isa = PBXFileReference; lastKnownFileType = image.png; name = "AppIcon40x40@2x.png"; path = "Images/Icons/Buttons/AppIcon40x40@2x.png"; sourceTree = "<group>"; };
		3940AC2E1AADC7EB00A67BCF /* UniversLTStd.otf */ = {isa = PBXFileReference; lastKnownFileType = file; name = UniversLTStd.otf; path = Fonts/UniversLTStd.otf; sourceTree = "<group>"; };
		3940AC331AAF4D7600A67BCF /* iStock_000048547986_XXXLarge1-SM.jpg */ = {isa = PBXFileReference; lastKnownFileType = image.jpeg; name = "iStock_000048547986_XXXLarge1-SM.jpg"; path = "Images/Backgrounds/iStock_000048547986_XXXLarge1-SM.jpg"; sourceTree = "<group>"; };
		3940AC341AAF4D7600A67BCF /* iStock_000040341042_Double1-SM.jpg */ = {isa = PBXFileReference; lastKnownFileType = image.jpeg; name = "iStock_000040341042_Double1-SM.jpg"; path = "Images/Backgrounds/iStock_000040341042_Double1-SM.jpg"; sourceTree = "<group>"; };
		3940AC351AAF4D7600A67BCF /* iStock_000034061454_Medium1-SM.jpg */ = {isa = PBXFileReference; lastKnownFileType = image.jpeg; name = "iStock_000034061454_Medium1-SM.jpg"; path = "Images/Backgrounds/iStock_000034061454_Medium1-SM.jpg"; sourceTree = "<group>"; };
		3940AC361AAF4D7600A67BCF /* iStock_000034045744_Double1-SM.jpg */ = {isa = PBXFileReference; lastKnownFileType = image.jpeg; name = "iStock_000034045744_Double1-SM.jpg"; path = "Images/Backgrounds/iStock_000034045744_Double1-SM.jpg"; sourceTree = "<group>"; };
		3940AC371AAF4D7600A67BCF /* iStock_000027733133_Full1-SM.jpg */ = {isa = PBXFileReference; lastKnownFileType = image.jpeg; name = "iStock_000027733133_Full1-SM.jpg"; path = "Images/Backgrounds/iStock_000027733133_Full1-SM.jpg"; sourceTree = "<group>"; };
		3940AC381AAF4D7600A67BCF /* iStock_000027128226_Double1-SM.jpg */ = {isa = PBXFileReference; lastKnownFileType = image.jpeg; name = "iStock_000027128226_Double1-SM.jpg"; path = "Images/Backgrounds/iStock_000027128226_Double1-SM.jpg"; sourceTree = "<group>"; };
		3940AC391AAF4D7600A67BCF /* iStock_000027044374_Full1-SM.jpg */ = {isa = PBXFileReference; lastKnownFileType = image.jpeg; name = "iStock_000027044374_Full1-SM.jpg"; path = "Images/Backgrounds/iStock_000027044374_Full1-SM.jpg"; sourceTree = "<group>"; };
		3940AC3A1AAF4D7600A67BCF /* iStock_000019745738_Double1-SM.jpg */ = {isa = PBXFileReference; lastKnownFileType = image.jpeg; name = "iStock_000019745738_Double1-SM.jpg"; path = "Images/Backgrounds/iStock_000019745738_Double1-SM.jpg"; sourceTree = "<group>"; };
		3940AC3B1AAF4D7600A67BCF /* iStock_000017124788_Full1-SM.jpg */ = {isa = PBXFileReference; lastKnownFileType = image.jpeg; name = "iStock_000017124788_Full1-SM.jpg"; path = "Images/Backgrounds/iStock_000017124788_Full1-SM.jpg"; sourceTree = "<group>"; };
		3940AC3C1AAF4D7600A67BCF /* iStock_000014427448_Large1-SM.jpg */ = {isa = PBXFileReference; lastKnownFileType = image.jpeg; name = "iStock_000014427448_Large1-SM.jpg"; path = "Images/Backgrounds/iStock_000014427448_Large1-SM.jpg"; sourceTree = "<group>"; };
		3940AC3D1AAF4D7600A67BCF /* iStock_000009509902_Large1-SM.jpg */ = {isa = PBXFileReference; lastKnownFileType = image.jpeg; name = "iStock_000009509902_Large1-SM.jpg"; path = "Images/Backgrounds/iStock_000009509902_Large1-SM.jpg"; sourceTree = "<group>"; };
		3940AC3E1AAF4D7600A67BCF /* HiRes 41-SM.jpg */ = {isa = PBXFileReference; lastKnownFileType = image.jpeg; name = "HiRes 41-SM.jpg"; path = "Images/Backgrounds/HiRes 41-SM.jpg"; sourceTree = "<group>"; };
		3940AC3F1AAF4D7600A67BCF /* HiRes 21-SM.jpg */ = {isa = PBXFileReference; lastKnownFileType = image.jpeg; name = "HiRes 21-SM.jpg"; path = "Images/Backgrounds/HiRes 21-SM.jpg"; sourceTree = "<group>"; };
		3950582D1AB3ED3300F4A873 /* draw_background-SM-01.jpg */ = {isa = PBXFileReference; lastKnownFileType = image.jpeg; name = "draw_background-SM-01.jpg"; path = "Images/Backgrounds/draw_background-SM-01.jpg"; sourceTree = "<group>"; };
		3950582E1AB3ED3300F4A873 /* en-background_img.jpg */ = {isa = PBXFileReference; lastKnownFileType = image.jpeg; name = "en-background_img.jpg"; path = "Images/Backgrounds/en-background_img.jpg"; sourceTree = "<group>"; };
		395058331AB3F63000F4A873 /* sharebackground-01.jpg */ = {isa = PBXFileReference; lastKnownFileType = image.jpeg; name = "sharebackground-01.jpg"; path = "Icons/Buttons/sharebackground-01.jpg"; sourceTree = "<group>"; };
		395058351AB3FCAE00F4A873 /* Toolbar-01.jpg */ = {isa = PBXFileReference; lastKnownFileType = image.jpeg; name = "Toolbar-01.jpg"; path = "Icons/Buttons/Toolbar-01.jpg"; sourceTree = "<group>"; };
		395058391AB45F5B00F4A873 /* SplashPage.png */ = {isa = PBXFileReference; lastKnownFileType = image.png; name = SplashPage.png; path = Icons/Buttons/SplashPage.png; sourceTree = "<group>"; };
		39A69DB71A9B068700198456 /* ShareViewController.h */ = {isa = PBXFileReference; fileEncoding = 4; lastKnownFileType = sourcecode.c.h; path = ShareViewController.h; sourceTree = "<group>"; };
		39A69DB81A9B068700198456 /* ShareViewController.m */ = {isa = PBXFileReference; fileEncoding = 4; lastKnownFileType = sourcecode.c.objc; path = ShareViewController.m; sourceTree = "<group>"; };
		39A8BBBA1A98192400948AB9 /* WindowViewController.m */ = {isa = PBXFileReference; fileEncoding = 4; lastKnownFileType = sourcecode.c.objc; path = WindowViewController.m; sourceTree = "<group>"; };
		39A8BBBC1A98196400948AB9 /* WindowViewController.h */ = {isa = PBXFileReference; lastKnownFileType = sourcecode.c.h; path = WindowViewController.h; sourceTree = "<group>"; };
		39A8BBC01A981CA000948AB9 /* SizeViewController.m */ = {isa = PBXFileReference; fileEncoding = 4; lastKnownFileType = sourcecode.c.objc; path = SizeViewController.m; sourceTree = "<group>"; };
		39A8BBC21A981CCC00948AB9 /* SizeViewController.h */ = {isa = PBXFileReference; lastKnownFileType = sourcecode.c.h; path = SizeViewController.h; sourceTree = "<group>"; };
		39A8BBC71A981F8500948AB9 /* BackgroundTableViewController.m */ = {isa = PBXFileReference; fileEncoding = 4; lastKnownFileType = sourcecode.c.objc; path = BackgroundTableViewController.m; sourceTree = "<group>"; };
		39A8BBC91A981FAF00948AB9 /* BackgroundTableViewController.h */ = {isa = PBXFileReference; lastKnownFileType = sourcecode.c.h; path = BackgroundTableViewController.h; sourceTree = "<group>"; };
		39A8BCA41A99132A00948AB9 /* Accelerate.framework */ = {isa = PBXFileReference; lastKnownFileType = wrapper.framework; name = Accelerate.framework; path = System/Library/Frameworks/Accelerate.framework; sourceTree = SDKROOT; };
		39C3DDF51A997AE3002E0E9D /* ANImageBitmapRep.h */ = {isa = PBXFileReference; fileEncoding = 4; lastKnownFileType = sourcecode.c.h; path = ANImageBitmapRep.h; sourceTree = "<group>"; };
		39C3DDF61A997AE3002E0E9D /* ANImageBitmapRep.m */ = {isa = PBXFileReference; fileEncoding = 4; lastKnownFileType = sourcecode.c.objc; path = ANImageBitmapRep.m; sourceTree = "<group>"; };
		39C3DDF71A997AE3002E0E9D /* BitmapContextRep.h */ = {isa = PBXFileReference; fileEncoding = 4; lastKnownFileType = sourcecode.c.h; path = BitmapContextRep.h; sourceTree = "<group>"; };
		39C3DDF81A997AE3002E0E9D /* BitmapContextRep.m */ = {isa = PBXFileReference; fileEncoding = 4; lastKnownFileType = sourcecode.c.objc; path = BitmapContextRep.m; sourceTree = "<group>"; };
		39C3DDFA1A997AE3002E0E9D /* NSImage+ANImageBitmapRep.h */ = {isa = PBXFileReference; fileEncoding = 4; lastKnownFileType = sourcecode.c.h; path = "NSImage+ANImageBitmapRep.h"; sourceTree = "<group>"; };
		39C3DDFB1A997AE3002E0E9D /* NSImage+ANImageBitmapRep.m */ = {isa = PBXFileReference; fileEncoding = 4; lastKnownFileType = sourcecode.c.objc; path = "NSImage+ANImageBitmapRep.m"; sourceTree = "<group>"; };
		39C3DDFC1A997AE3002E0E9D /* OSCommonImage.h */ = {isa = PBXFileReference; fileEncoding = 4; lastKnownFileType = sourcecode.c.h; path = OSCommonImage.h; sourceTree = "<group>"; };
		39C3DDFD1A997AE3002E0E9D /* OSCommonImage.m */ = {isa = PBXFileReference; fileEncoding = 4; lastKnownFileType = sourcecode.c.objc; path = OSCommonImage.m; sourceTree = "<group>"; };
		39C3DDFE1A997AE3002E0E9D /* UIImage+ANImageBitmapRep.h */ = {isa = PBXFileReference; fileEncoding = 4; lastKnownFileType = sourcecode.c.h; path = "UIImage+ANImageBitmapRep.h"; sourceTree = "<group>"; };
		39C3DDFF1A997AE3002E0E9D /* UIImage+ANImageBitmapRep.m */ = {isa = PBXFileReference; fileEncoding = 4; lastKnownFileType = sourcecode.c.objc; path = "UIImage+ANImageBitmapRep.m"; sourceTree = "<group>"; };
		39C3DE011A997AE3002E0E9D /* CGContextCreator.h */ = {isa = PBXFileReference; fileEncoding = 4; lastKnownFileType = sourcecode.c.h; path = CGContextCreator.h; sourceTree = "<group>"; };
		39C3DE021A997AE3002E0E9D /* CGContextCreator.m */ = {isa = PBXFileReference; fileEncoding = 4; lastKnownFileType = sourcecode.c.objc; path = CGContextCreator.m; sourceTree = "<group>"; };
		39C3DE031A997AE3002E0E9D /* CGImageContainer.h */ = {isa = PBXFileReference; fileEncoding = 4; lastKnownFileType = sourcecode.c.h; path = CGImageContainer.h; sourceTree = "<group>"; };
		39C3DE041A997AE3002E0E9D /* CGImageContainer.m */ = {isa = PBXFileReference; fileEncoding = 4; lastKnownFileType = sourcecode.c.objc; path = CGImageContainer.m; sourceTree = "<group>"; };
		39C3DE061A997AE3002E0E9D /* BitmapContextManipulator.h */ = {isa = PBXFileReference; fileEncoding = 4; lastKnownFileType = sourcecode.c.h; path = BitmapContextManipulator.h; sourceTree = "<group>"; };
		39C3DE071A997AE3002E0E9D /* BitmapContextManipulator.m */ = {isa = PBXFileReference; fileEncoding = 4; lastKnownFileType = sourcecode.c.objc; path = BitmapContextManipulator.m; sourceTree = "<group>"; };
		39C3DE081A997AE3002E0E9D /* BitmapCropManipulator.h */ = {isa = PBXFileReference; fileEncoding = 4; lastKnownFileType = sourcecode.c.h; path = BitmapCropManipulator.h; sourceTree = "<group>"; };
		39C3DE091A997AE3002E0E9D /* BitmapCropManipulator.m */ = {isa = PBXFileReference; fileEncoding = 4; lastKnownFileType = sourcecode.c.objc; path = BitmapCropManipulator.m; sourceTree = "<group>"; };
		39C3DE0A1A997AE3002E0E9D /* BitmapDrawManipulator.h */ = {isa = PBXFileReference; fileEncoding = 4; lastKnownFileType = sourcecode.c.h; path = BitmapDrawManipulator.h; sourceTree = "<group>"; };
		39C3DE0B1A997AE3002E0E9D /* BitmapDrawManipulator.m */ = {isa = PBXFileReference; fileEncoding = 4; lastKnownFileType = sourcecode.c.objc; path = BitmapDrawManipulator.m; sourceTree = "<group>"; };
		39C3DE0C1A997AE3002E0E9D /* BitmapRotationManipulator.h */ = {isa = PBXFileReference; fileEncoding = 4; lastKnownFileType = sourcecode.c.h; path = BitmapRotationManipulator.h; sourceTree = "<group>"; };
		39C3DE0D1A997AE3002E0E9D /* BitmapRotationManipulator.m */ = {isa = PBXFileReference; fileEncoding = 4; lastKnownFileType = sourcecode.c.objc; path = BitmapRotationManipulator.m; sourceTree = "<group>"; };
		39C3DE0E1A997AE3002E0E9D /* BitmapScaleManipulator.h */ = {isa = PBXFileReference; fileEncoding = 4; lastKnownFileType = sourcecode.c.h; path = BitmapScaleManipulator.h; sourceTree = "<group>"; };
		39C3DE0F1A997AE3002E0E9D /* BitmapScaleManipulator.m */ = {isa = PBXFileReference; fileEncoding = 4; lastKnownFileType = sourcecode.c.objc; path = BitmapScaleManipulator.m; sourceTree = "<group>"; };
		39C3DE101A997AE3002E0E9D /* BGRSLoupeLayer.h */ = {isa = PBXFileReference; fileEncoding = 4; lastKnownFileType = sourcecode.c.h; path = BGRSLoupeLayer.h; sourceTree = "<group>"; };
		39C3DE111A997AE3002E0E9D /* BGRSLoupeLayer.m */ = {isa = PBXFileReference; fileEncoding = 4; lastKnownFileType = sourcecode.c.objc; path = BGRSLoupeLayer.m; sourceTree = "<group>"; };
		39C3DE121A997AE3002E0E9D /* RSColorFunctions.h */ = {isa = PBXFileReference; fileEncoding = 4; lastKnownFileType = sourcecode.c.h; path = RSColorFunctions.h; sourceTree = "<group>"; };
		39C3DE131A997AE3002E0E9D /* RSColorFunctions.m */ = {isa = PBXFileReference; fileEncoding = 4; lastKnownFileType = sourcecode.c.objc; path = RSColorFunctions.m; sourceTree = "<group>"; };
		39C3DE141A997AE3002E0E9D /* RSColorPickerState.h */ = {isa = PBXFileReference; fileEncoding = 4; lastKnownFileType = sourcecode.c.h; path = RSColorPickerState.h; sourceTree = "<group>"; };
		39C3DE151A997AE3002E0E9D /* RSColorPickerState.m */ = {isa = PBXFileReference; fileEncoding = 4; lastKnownFileType = sourcecode.c.objc; path = RSColorPickerState.m; sourceTree = "<group>"; };
		39C3DE161A997AE3002E0E9D /* RSColorPickerView.h */ = {isa = PBXFileReference; fileEncoding = 4; lastKnownFileType = sourcecode.c.h; path = RSColorPickerView.h; sourceTree = "<group>"; };
		39C3DE171A997AE3002E0E9D /* RSColorPickerView.m */ = {isa = PBXFileReference; fileEncoding = 4; lastKnownFileType = sourcecode.c.objc; path = RSColorPickerView.m; sourceTree = "<group>"; };
		39C3DE181A997AE3002E0E9D /* RSGenerateOperation.h */ = {isa = PBXFileReference; fileEncoding = 4; lastKnownFileType = sourcecode.c.h; path = RSGenerateOperation.h; sourceTree = "<group>"; };
		39C3DE191A997AE3002E0E9D /* RSGenerateOperation.m */ = {isa = PBXFileReference; fileEncoding = 4; lastKnownFileType = sourcecode.c.objc; path = RSGenerateOperation.m; sourceTree = "<group>"; };
		39C3DE1A1A997AE3002E0E9D /* RSSelectionLayer.h */ = {isa = PBXFileReference; fileEncoding = 4; lastKnownFileType = sourcecode.c.h; path = RSSelectionLayer.h; sourceTree = "<group>"; };
		39C3DE1B1A997AE3002E0E9D /* RSSelectionLayer.m */ = {isa = PBXFileReference; fileEncoding = 4; lastKnownFileType = sourcecode.c.objc; path = RSSelectionLayer.m; sourceTree = "<group>"; };
		39C3DE1C1A997AE3002E0E9D /* RSBrightnessSlider.h */ = {isa = PBXFileReference; fileEncoding = 4; lastKnownFileType = sourcecode.c.h; path = RSBrightnessSlider.h; sourceTree = "<group>"; };
		39C3DE1D1A997AE3002E0E9D /* RSBrightnessSlider.m */ = {isa = PBXFileReference; fileEncoding = 4; lastKnownFileType = sourcecode.c.objc; path = RSBrightnessSlider.m; sourceTree = "<group>"; };
		39C3DE1E1A997AE3002E0E9D /* RSColorPickerAppDelegate.h */ = {isa = PBXFileReference; fileEncoding = 4; lastKnownFileType = sourcecode.c.h; path = RSColorPickerAppDelegate.h; sourceTree = "<group>"; };
		39C3DE1F1A997AE3002E0E9D /* RSColorPickerAppDelegate.m */ = {isa = PBXFileReference; fileEncoding = 4; lastKnownFileType = sourcecode.c.objc; path = RSColorPickerAppDelegate.m; sourceTree = "<group>"; };
		39C3DE201A997AE3002E0E9D /* RSOpacitySlider.h */ = {isa = PBXFileReference; fileEncoding = 4; lastKnownFileType = sourcecode.c.h; path = RSOpacitySlider.h; sourceTree = "<group>"; };
		39C3DE211A997AE3002E0E9D /* RSOpacitySlider.m */ = {isa = PBXFileReference; fileEncoding = 4; lastKnownFileType = sourcecode.c.objc; path = RSOpacitySlider.m; sourceTree = "<group>"; };
		39C3DE371A997B0D002E0E9D /* TestColorViewController.h */ = {isa = PBXFileReference; fileEncoding = 4; lastKnownFileType = sourcecode.c.h; path = TestColorViewController.h; sourceTree = "<group>"; };
		39C3DE381A997B0D002E0E9D /* TestColorViewController.m */ = {isa = PBXFileReference; fileEncoding = 4; lastKnownFileType = sourcecode.c.objc; path = TestColorViewController.m; sourceTree = "<group>"; };
		39FEF5671AACE79300488B1A /* TweetViewController.h */ = {isa = PBXFileReference; fileEncoding = 4; lastKnownFileType = sourcecode.c.h; path = TweetViewController.h; sourceTree = "<group>"; };
		39FEF5681AACE79300488B1A /* TweetViewController.m */ = {isa = PBXFileReference; fileEncoding = 4; lastKnownFileType = sourcecode.c.objc; path = TweetViewController.m; sourceTree = "<group>"; };
		39FFCA6A1AA283C100C7E5E3 /* TwitterKit.framework */ = {isa = PBXFileReference; lastKnownFileType = wrapper.framework; path = TwitterKit.framework; sourceTree = "<group>"; };
		39FFCA6B1AA283C100C7E5E3 /* TwitterKitResources.bundle */ = {isa = PBXFileReference; lastKnownFileType = "wrapper.plug-in"; name = TwitterKitResources.bundle; path = TwitterKit.framework/Versions/A/Resources/TwitterKitResources.bundle; sourceTree = "<group>"; };
		39FFCA6C1AA283C100C7E5E3 /* Fabric.framework */ = {isa = PBXFileReference; lastKnownFileType = wrapper.framework; path = Fabric.framework; sourceTree = "<group>"; };
		AB3632801BC5FC6000B79B20 /* en-language.png */ = {isa = PBXFileReference; lastKnownFileType = image.png; name = "en-language.png"; path = "Icons/Buttons/en-language.png"; sourceTree = "<group>"; };
		AB3632811BC5FC6000B79B20 /* fr-language.png */ = {isa = PBXFileReference; lastKnownFileType = image.png; name = "fr-language.png"; path = "Icons/Buttons/fr-language.png"; sourceTree = "<group>"; };
		AB8F87891B97C761004F6ACE /* TwitterCore.framework */ = {isa = PBXFileReference; lastKnownFileType = wrapper.framework; path = TwitterCore.framework; sourceTree = "<group>"; };
		AB8F878A1B97C761004F6ACE /* DigitsKit.framework */ = {isa = PBXFileReference; lastKnownFileType = wrapper.framework; path = DigitsKit.framework; sourceTree = "<group>"; };
		AB8F878B1B97C761004F6ACE /* DigitsKitResources.bundle */ = {isa = PBXFileReference; lastKnownFileType = "wrapper.plug-in"; name = DigitsKitResources.bundle; path = DigitsKit.framework/Versions/A/Resources/DigitsKitResources.bundle; sourceTree = "<group>"; };
		ABDE6EA81BA24FF2003506CE /* Crashlytics.framework */ = {isa = PBXFileReference; lastKnownFileType = wrapper.framework; path = Crashlytics.framework; sourceTree = "<group>"; };
		ABFFA9FF1BC2D2E100454CF7 /* fr-brush_size.png */ = {isa = PBXFileReference; lastKnownFileType = image.png; name = "fr-brush_size.png"; path = "Icons/Buttons/fr-brush_size.png"; sourceTree = "<group>"; };
		ABFFAA001BC2D2E100454CF7 /* fr-colour.png */ = {isa = PBXFileReference; lastKnownFileType = image.png; name = "fr-colour.png"; path = "Icons/Buttons/fr-colour.png"; sourceTree = "<group>"; };
		ABFFAA031BC2D2E100454CF7 /* fr-redo.png */ = {isa = PBXFileReference; lastKnownFileType = image.png; name = "fr-redo.png"; path = "Icons/Buttons/fr-redo.png"; sourceTree = "<group>"; };
		ABFFAA041BC2D2E100454CF7 /* fr-share.png */ = {isa = PBXFileReference; lastKnownFileType = image.png; name = "fr-share.png"; path = "Icons/Buttons/fr-share.png"; sourceTree = "<group>"; };
		ABFFAA051BC2D2E100454CF7 /* fr-undo.png */ = {isa = PBXFileReference; lastKnownFileType = image.png; name = "fr-undo.png"; path = "Icons/Buttons/fr-undo.png"; sourceTree = "<group>"; };
		ABFFAA4B1BC2F82B00454CF7 /* fr-background.png */ = {isa = PBXFileReference; lastKnownFileType = image.png; name = "fr-background.png"; path = "Icons/Buttons/fr-background.png"; sourceTree = "<group>"; };
		ABFFAA551BC3013B00454CF7 /* fr-drawing_tool.png */ = {isa = PBXFileReference; lastKnownFileType = image.png; name = "fr-drawing_tool.png"; path = "Icons/Buttons/fr-drawing_tool.png"; sourceTree = "<group>"; };
		ABFFAA8E1BC3027900454CF7 /* fr-eraser.png */ = {isa = PBXFileReference; lastKnownFileType = image.png; name = "fr-eraser.png"; path = "Icons/Buttons/fr-eraser.png"; sourceTree = "<group>"; };
		ABFFAA941BC3079F00454CF7 /* fr-background_img.jpg */ = {isa = PBXFileReference; lastKnownFileType = image.jpeg; name = "fr-background_img.jpg"; path = "Images/Backgrounds/fr-background_img.jpg"; sourceTree = "<group>"; };
		ABFFAB3B1BC30A3300454CF7 /* en-share_banner.png */ = {isa = PBXFileReference; lastKnownFileType = image.png; name = "en-share_banner.png"; path = "Icons/Buttons/en-share_banner.png"; sourceTree = "<group>"; };
		ABFFAB3C1BC30A3300454CF7 /* fr-share_banner.png */ = {isa = PBXFileReference; lastKnownFileType = image.png; name = "fr-share_banner.png"; path = "Icons/Buttons/fr-share_banner.png"; sourceTree = "<group>"; };
		ABFFAB3F1BC30AE100454CF7 /* en-logo.png */ = {isa = PBXFileReference; lastKnownFileType = image.png; name = "en-logo.png"; path = "Icons/Buttons/en-logo.png"; sourceTree = "<group>"; };
		ABFFAB451BC3271700454CF7 /* fr-logo.png */ = {isa = PBXFileReference; lastKnownFileType = image.png; name = "fr-logo.png"; path = "Icons/Buttons/fr-logo.png"; sourceTree = "<group>"; };
		ABFFAB471BC336D400454CF7 /* fr-share_back.png */ = {isa = PBXFileReference; lastKnownFileType = image.png; name = "fr-share_back.png"; path = "Icons/Buttons/fr-share_back.png"; sourceTree = "<group>"; };
		ABFFAB481BC336D400454CF7 /* fr-share_newdrawing.png */ = {isa = PBXFileReference; lastKnownFileType = image.png; name = "fr-share_newdrawing.png"; path = "Icons/Buttons/fr-share_newdrawing.png"; sourceTree = "<group>"; };
		ABFFAB491BC336D400454CF7 /* fr-share_share.png */ = {isa = PBXFileReference; lastKnownFileType = image.png; name = "fr-share_share.png"; path = "Icons/Buttons/fr-share_share.png"; sourceTree = "<group>"; };
		D3792A50198F7443006AC98D /* QuadDrawView.m */ = {isa = PBXFileReference; fileEncoding = 4; lastKnownFileType = sourcecode.c.objc; path = QuadDrawView.m; sourceTree = "<group>"; };
		D3792A51198F7443006AC98D /* QuadDrawView.h */ = {isa = PBXFileReference; fileEncoding = 4; lastKnownFileType = sourcecode.c.h; path = QuadDrawView.h; sourceTree = "<group>"; };
		D3CD81291989FB0D00EA4DDB /* DoodleTech.app */ = {isa = PBXFileReference; explicitFileType = wrapper.application; includeInIndex = 0; path = DoodleTech.app; sourceTree = BUILT_PRODUCTS_DIR; };
		D3CD812C1989FB0D00EA4DDB /* Foundation.framework */ = {isa = PBXFileReference; lastKnownFileType = wrapper.framework; name = Foundation.framework; path = System/Library/Frameworks/Foundation.framework; sourceTree = SDKROOT; };
		D3CD812E1989FB0D00EA4DDB /* CoreGraphics.framework */ = {isa = PBXFileReference; lastKnownFileType = wrapper.framework; name = CoreGraphics.framework; path = System/Library/Frameworks/CoreGraphics.framework; sourceTree = SDKROOT; };
		D3CD81301989FB0D00EA4DDB /* UIKit.framework */ = {isa = PBXFileReference; lastKnownFileType = wrapper.framework; name = UIKit.framework; path = System/Library/Frameworks/UIKit.framework; sourceTree = SDKROOT; };
		D3CD81341989FB0D00EA4DDB /* DoodleTech-Info.plist */ = {isa = PBXFileReference; lastKnownFileType = text.plist.xml; path = "DoodleTech-Info.plist"; sourceTree = "<group>"; };
		D3CD81361989FB0D00EA4DDB /* en */ = {isa = PBXFileReference; lastKnownFileType = text.plist.strings; name = en; path = en.lproj/InfoPlist.strings; sourceTree = "<group>"; };
		D3CD81381989FB0D00EA4DDB /* main.m */ = {isa = PBXFileReference; lastKnownFileType = sourcecode.c.objc; path = main.m; sourceTree = "<group>"; };
		D3CD813A1989FB0D00EA4DDB /* DoodleTech-Prefix.pch */ = {isa = PBXFileReference; lastKnownFileType = sourcecode.c.h; path = "DoodleTech-Prefix.pch"; sourceTree = "<group>"; };
		D3CD813B1989FB0D00EA4DDB /* AppDelegate.h */ = {isa = PBXFileReference; lastKnownFileType = sourcecode.c.h; path = AppDelegate.h; sourceTree = "<group>"; };
		D3CD813C1989FB0D00EA4DDB /* AppDelegate.m */ = {isa = PBXFileReference; lastKnownFileType = sourcecode.c.objc; path = AppDelegate.m; sourceTree = "<group>"; };
		D3CD813F1989FB0D00EA4DDB /* Base */ = {isa = PBXFileReference; lastKnownFileType = file.storyboard; name = Base; path = Base.lproj/Main.storyboard; sourceTree = "<group>"; };
		D3CD81441989FB0D00EA4DDB /* Images.xcassets */ = {isa = PBXFileReference; lastKnownFileType = folder.assetcatalog; path = Images.xcassets; sourceTree = "<group>"; };
		D3CD814A1989FB0D00EA4DDB /* DoodleTech.xctest */ = {isa = PBXFileReference; explicitFileType = wrapper.cfbundle; includeInIndex = 0; path = DoodleTech.xctest; sourceTree = BUILT_PRODUCTS_DIR; };
		D3CD81531989FB0D00EA4DDB /* DoodleTechTests-Info.plist */ = {isa = PBXFileReference; lastKnownFileType = text.plist.xml; path = "DoodleTechTests-Info.plist"; sourceTree = "<group>"; };
		D3CD81551989FB0D00EA4DDB /* en */ = {isa = PBXFileReference; lastKnownFileType = text.plist.strings; name = en; path = en.lproj/InfoPlist.strings; sourceTree = "<group>"; };
		D3CD81571989FB0D00EA4DDB /* DrawTests.m */ = {isa = PBXFileReference; lastKnownFileType = sourcecode.c.objc; path = DrawTests.m; sourceTree = "<group>"; };
		D3CD81641989FDE700EA4DDB /* AssetsLibrary.framework */ = {isa = PBXFileReference; lastKnownFileType = wrapper.framework; name = AssetsLibrary.framework; path = System/Library/Frameworks/AssetsLibrary.framework; sourceTree = SDKROOT; };
		D3CD8169198A0E3D00EA4DDB /* QuartzCore.framework */ = {isa = PBXFileReference; lastKnownFileType = wrapper.framework; name = QuartzCore.framework; path = System/Library/Frameworks/QuartzCore.framework; sourceTree = SDKROOT; };
/* End PBXFileReference section */

/* Begin PBXFrameworksBuildPhase section */
		D3CD81261989FB0D00EA4DDB /* Frameworks */ = {
			isa = PBXFrameworksBuildPhase;
			buildActionMask = 2147483647;
			files = (
				39A8BCA51A99132A00948AB9 /* Accelerate.framework in Frameworks */,
				D3CD816A198A0E3D00EA4DDB /* QuartzCore.framework in Frameworks */,
				D3CD81651989FDE700EA4DDB /* AssetsLibrary.framework in Frameworks */,
				39FFCA6F1AA283C100C7E5E3 /* Fabric.framework in Frameworks */,
				AB8F878C1B97C761004F6ACE /* TwitterCore.framework in Frameworks */,
				D3CD812F1989FB0D00EA4DDB /* CoreGraphics.framework in Frameworks */,
				D3CD81311989FB0D00EA4DDB /* UIKit.framework in Frameworks */,
				D3CD812D1989FB0D00EA4DDB /* Foundation.framework in Frameworks */,
				39FFCA6D1AA283C100C7E5E3 /* TwitterKit.framework in Frameworks */,
				AB8F878D1B97C761004F6ACE /* DigitsKit.framework in Frameworks */,
				ABDE6EA91BA24FF2003506CE /* Crashlytics.framework in Frameworks */,
			);
			runOnlyForDeploymentPostprocessing = 0;
		};
		D3CD81471989FB0D00EA4DDB /* Frameworks */ = {
			isa = PBXFrameworksBuildPhase;
			buildActionMask = 2147483647;
			files = (
				D3CD814E1989FB0D00EA4DDB /* UIKit.framework in Frameworks */,
				D3CD814D1989FB0D00EA4DDB /* Foundation.framework in Frameworks */,
			);
			runOnlyForDeploymentPostprocessing = 0;
		};
/* End PBXFrameworksBuildPhase section */

/* Begin PBXGroup section */
		3940AC1E1AADAF1900A67BCF /* Components */ = {
			isa = PBXGroup;
			children = (
				ABFFAB451BC3271700454CF7 /* fr-logo.png */,
				ABFFAB3F1BC30AE100454CF7 /* en-logo.png */,
				ABFFAB3B1BC30A3300454CF7 /* en-share_banner.png */,
				ABFFAB3C1BC30A3300454CF7 /* fr-share_banner.png */,
				395058351AB3FCAE00F4A873 /* Toolbar-01.jpg */,
				391C3F2C1AA594F80077835F /* transparentbar-01.png */,
			);
			name = Components;
			sourceTree = "<group>";
		};
		3940AC2D1AADC73F00A67BCF /* Fonts */ = {
			isa = PBXGroup;
			children = (
				3940AC2E1AADC7EB00A67BCF /* UniversLTStd.otf */,
			);
			name = Fonts;
			sourceTree = "<group>";
		};
		39A8BBC31A981D5500948AB9 /* KeegansFiles */ = {
			isa = PBXGroup;
			children = (
				39A8BBCA1A981FD500948AB9 /* Images */,
				39A8BBBA1A98192400948AB9 /* WindowViewController.m */,
				39A8BBBC1A98196400948AB9 /* WindowViewController.h */,
				39A8BBC01A981CA000948AB9 /* SizeViewController.m */,
				39A8BBC21A981CCC00948AB9 /* SizeViewController.h */,
				39A8BBC71A981F8500948AB9 /* BackgroundTableViewController.m */,
				39A8BBC91A981FAF00948AB9 /* BackgroundTableViewController.h */,
				39A69DB71A9B068700198456 /* ShareViewController.h */,
				39A69DB81A9B068700198456 /* ShareViewController.m */,
				39FEF5671AACE79300488B1A /* TweetViewController.h */,
				39FEF5681AACE79300488B1A /* TweetViewController.m */,
			);
			name = KeegansFiles;
			sourceTree = "<group>";
		};
		39A8BBCA1A981FD500948AB9 /* Images */ = {
			isa = PBXGroup;
			children = (
				3940AC2D1AADC73F00A67BCF /* Fonts */,
				3940AC1E1AADAF1900A67BCF /* Components */,
				39A8BBCC1A981FEC00948AB9 /* Backgrounds */,
				39A8BBCB1A981FE400948AB9 /* Icons */,
			);
			name = Images;
			sourceTree = "<group>";
		};
		39A8BBCB1A981FE400948AB9 /* Icons */ = {
			isa = PBXGroup;
			children = (
				AB3632801BC5FC6000B79B20 /* en-language.png */,
				AB3632811BC5FC6000B79B20 /* fr-language.png */,
				ABFFAB471BC336D400454CF7 /* fr-share_back.png */,
				ABFFAB481BC336D400454CF7 /* fr-share_newdrawing.png */,
				ABFFAB491BC336D400454CF7 /* fr-share_share.png */,
				ABFFAA8E1BC3027900454CF7 /* fr-eraser.png */,
				ABFFAA551BC3013B00454CF7 /* fr-drawing_tool.png */,
				391C3F451AA5AC030077835F /* en-share_newdrawing.png */,
				ABFFAA4B1BC2F82B00454CF7 /* fr-background.png */,
				ABFFA9FF1BC2D2E100454CF7 /* fr-brush_size.png */,
				ABFFAA001BC2D2E100454CF7 /* fr-colour.png */,
				391C3F461AA5AC030077835F /* en-share_share.png */,
				ABFFAA031BC2D2E100454CF7 /* fr-redo.png */,
				ABFFAA041BC2D2E100454CF7 /* fr-share.png */,
				ABFFAA051BC2D2E100454CF7 /* fr-undo.png */,
				3940AC251AADB68000A67BCF /* AppIcon29x29.png */,
				3940AC261AADB68000A67BCF /* AppIcon29x29@2x.png */,
				3940AC271AADB68000A67BCF /* AppIcon40x40.png */,
				3940AC281AADB68000A67BCF /* AppIcon40x40@2x.png */,
				3940AC211AADB5B100A67BCF /* AppIcon76x76.png */,
				3940AC221AADB5B100A67BCF /* AppIcon76x76@2x.png */,
				3940AC021AADA9AA00A67BCF /* en-background.png */,
				391C3F441AA5AC030077835F /* en-share_back.png */,
				391C3F3E1AA5A21E0077835F /* en-brush_size.png */,
				391C3F301AA599D30077835F /* en-colour.png */,
				391C3F311AA599D30077835F /* en-eraser.png */,
				391C3F321AA599D30077835F /* en-redo.png */,
				391C3F341AA599D30077835F /* en-share.png */,
				391C3F351AA599D30077835F /* en-undo.png */,
				391C3F361AA599D30077835F /* en-drawing_tool.png */,
			);
			name = Icons;
			sourceTree = "<group>";
		};
		39A8BBCC1A981FEC00948AB9 /* Backgrounds */ = {
			isa = PBXGroup;
			children = (
				ABFFAA941BC3079F00454CF7 /* fr-background_img.jpg */,
				3950582D1AB3ED3300F4A873 /* draw_background-SM-01.jpg */,
				3950582E1AB3ED3300F4A873 /* en-background_img.jpg */,
				395058391AB45F5B00F4A873 /* SplashPage.png */,
				3940AC331AAF4D7600A67BCF /* iStock_000048547986_XXXLarge1-SM.jpg */,
				3940AC341AAF4D7600A67BCF /* iStock_000040341042_Double1-SM.jpg */,
				395058331AB3F63000F4A873 /* sharebackground-01.jpg */,
				3940AC351AAF4D7600A67BCF /* iStock_000034061454_Medium1-SM.jpg */,
				3940AC361AAF4D7600A67BCF /* iStock_000034045744_Double1-SM.jpg */,
				3940AC371AAF4D7600A67BCF /* iStock_000027733133_Full1-SM.jpg */,
				3940AC381AAF4D7600A67BCF /* iStock_000027128226_Double1-SM.jpg */,
				3940AC391AAF4D7600A67BCF /* iStock_000027044374_Full1-SM.jpg */,
				3940AC3A1AAF4D7600A67BCF /* iStock_000019745738_Double1-SM.jpg */,
				3940AC3B1AAF4D7600A67BCF /* iStock_000017124788_Full1-SM.jpg */,
				3940AC3C1AAF4D7600A67BCF /* iStock_000014427448_Large1-SM.jpg */,
				3940AC3D1AAF4D7600A67BCF /* iStock_000009509902_Large1-SM.jpg */,
				3940AC3E1AAF4D7600A67BCF /* HiRes 41-SM.jpg */,
				3940AC3F1AAF4D7600A67BCF /* HiRes 21-SM.jpg */,
				3940AC041AADABB300A67BCF /* HiRes 21.jpg */,
				3940AC051AADABB300A67BCF /* HiRes 41.jpg */,
				3940AC061AADABB300A67BCF /* iStock_000009509902_Large1.jpg */,
				3940AC071AADABB300A67BCF /* iStock_000014427448_Large1.jpg */,
				3940AC081AADABB300A67BCF /* iStock_000017124788_Full1.jpg */,
				3940AC091AADABB300A67BCF /* iStock_000019745738_Double1.jpg */,
				3940AC0A1AADABB300A67BCF /* iStock_000027044374_Full1.jpg */,
				3940AC0B1AADABB300A67BCF /* iStock_000027128226_Double1.jpg */,
				3940AC0C1AADABB300A67BCF /* iStock_000027733133_Full1.jpg */,
				3940AC0D1AADABB300A67BCF /* iStock_000034045744_Double1.jpg */,
				3940AC0E1AADABB300A67BCF /* iStock_000034061454_Medium1.jpg */,
				3940AC0F1AADABB300A67BCF /* iStock_000040341042_Double1.jpg */,
				3940AC101AADABB300A67BCF /* iStock_000048547986_XXXLarge1.jpg */,
			);
			name = Backgrounds;
			sourceTree = "<group>";
		};
		39C3DDF21A997ABE002E0E9D /* RSColorPicker */ = {
			isa = PBXGroup;
			children = (
				39C3DE371A997B0D002E0E9D /* TestColorViewController.h */,
				39C3DE381A997B0D002E0E9D /* TestColorViewController.m */,
				39C3DDF31A997AE3002E0E9D /* ColorPickerClasses */,
				39C3DE1C1A997AE3002E0E9D /* RSBrightnessSlider.h */,
				39C3DE1D1A997AE3002E0E9D /* RSBrightnessSlider.m */,
				39C3DE1E1A997AE3002E0E9D /* RSColorPickerAppDelegate.h */,
				39C3DE1F1A997AE3002E0E9D /* RSColorPickerAppDelegate.m */,
				39C3DE201A997AE3002E0E9D /* RSOpacitySlider.h */,
				39C3DE211A997AE3002E0E9D /* RSOpacitySlider.m */,
			);
			name = RSColorPicker;
			sourceTree = "<group>";
		};
		39C3DDF31A997AE3002E0E9D /* ColorPickerClasses */ = {
			isa = PBXGroup;
			children = (
				39C3DDF41A997AE3002E0E9D /* ANImageBitmapRep */,
				39C3DE101A997AE3002E0E9D /* BGRSLoupeLayer.h */,
				39C3DE111A997AE3002E0E9D /* BGRSLoupeLayer.m */,
				39C3DE121A997AE3002E0E9D /* RSColorFunctions.h */,
				39C3DE131A997AE3002E0E9D /* RSColorFunctions.m */,
				39C3DE141A997AE3002E0E9D /* RSColorPickerState.h */,
				39C3DE151A997AE3002E0E9D /* RSColorPickerState.m */,
				39C3DE161A997AE3002E0E9D /* RSColorPickerView.h */,
				39C3DE171A997AE3002E0E9D /* RSColorPickerView.m */,
				39C3DE181A997AE3002E0E9D /* RSGenerateOperation.h */,
				39C3DE191A997AE3002E0E9D /* RSGenerateOperation.m */,
				39C3DE1A1A997AE3002E0E9D /* RSSelectionLayer.h */,
				39C3DE1B1A997AE3002E0E9D /* RSSelectionLayer.m */,
			);
			path = ColorPickerClasses;
			sourceTree = "<group>";
		};
		39C3DDF41A997AE3002E0E9D /* ANImageBitmapRep */ = {
			isa = PBXGroup;
			children = (
				39C3DDF51A997AE3002E0E9D /* ANImageBitmapRep.h */,
				39C3DDF61A997AE3002E0E9D /* ANImageBitmapRep.m */,
				39C3DDF71A997AE3002E0E9D /* BitmapContextRep.h */,
				39C3DDF81A997AE3002E0E9D /* BitmapContextRep.m */,
				39C3DDF91A997AE3002E0E9D /* Compatibility */,
				39C3DE001A997AE3002E0E9D /* CoreGraphics */,
				39C3DE051A997AE3002E0E9D /* Manipulators */,
			);
			path = ANImageBitmapRep;
			sourceTree = "<group>";
		};
		39C3DDF91A997AE3002E0E9D /* Compatibility */ = {
			isa = PBXGroup;
			children = (
				39C3DDFA1A997AE3002E0E9D /* NSImage+ANImageBitmapRep.h */,
				39C3DDFB1A997AE3002E0E9D /* NSImage+ANImageBitmapRep.m */,
				39C3DDFC1A997AE3002E0E9D /* OSCommonImage.h */,
				39C3DDFD1A997AE3002E0E9D /* OSCommonImage.m */,
				39C3DDFE1A997AE3002E0E9D /* UIImage+ANImageBitmapRep.h */,
				39C3DDFF1A997AE3002E0E9D /* UIImage+ANImageBitmapRep.m */,
			);
			path = Compatibility;
			sourceTree = "<group>";
		};
		39C3DE001A997AE3002E0E9D /* CoreGraphics */ = {
			isa = PBXGroup;
			children = (
				39C3DE011A997AE3002E0E9D /* CGContextCreator.h */,
				39C3DE021A997AE3002E0E9D /* CGContextCreator.m */,
				39C3DE031A997AE3002E0E9D /* CGImageContainer.h */,
				39C3DE041A997AE3002E0E9D /* CGImageContainer.m */,
			);
			path = CoreGraphics;
			sourceTree = "<group>";
		};
		39C3DE051A997AE3002E0E9D /* Manipulators */ = {
			isa = PBXGroup;
			children = (
				39C3DE061A997AE3002E0E9D /* BitmapContextManipulator.h */,
				39C3DE071A997AE3002E0E9D /* BitmapContextManipulator.m */,
				39C3DE081A997AE3002E0E9D /* BitmapCropManipulator.h */,
				39C3DE091A997AE3002E0E9D /* BitmapCropManipulator.m */,
				39C3DE0A1A997AE3002E0E9D /* BitmapDrawManipulator.h */,
				39C3DE0B1A997AE3002E0E9D /* BitmapDrawManipulator.m */,
				39C3DE0C1A997AE3002E0E9D /* BitmapRotationManipulator.h */,
				39C3DE0D1A997AE3002E0E9D /* BitmapRotationManipulator.m */,
				39C3DE0E1A997AE3002E0E9D /* BitmapScaleManipulator.h */,
				39C3DE0F1A997AE3002E0E9D /* BitmapScaleManipulator.m */,
			);
			path = Manipulators;
			sourceTree = "<group>";
		};
		D3CD81201989FB0D00EA4DDB = {
			isa = PBXGroup;
			children = (
				D3CD81321989FB0D00EA4DDB /* Draw */,
				D3CD81511989FB0D00EA4DDB /* DrawTests */,
				D3CD812B1989FB0D00EA4DDB /* Frameworks */,
				D3CD812A1989FB0D00EA4DDB /* Products */,
				AB8F87891B97C761004F6ACE /* TwitterCore.framework */,
				AB8F878A1B97C761004F6ACE /* DigitsKit.framework */,
				AB8F878B1B97C761004F6ACE /* DigitsKitResources.bundle */,
			);
			sourceTree = "<group>";
		};
		D3CD812A1989FB0D00EA4DDB /* Products */ = {
			isa = PBXGroup;
			children = (
				D3CD81291989FB0D00EA4DDB /* DoodleTech.app */,
				D3CD814A1989FB0D00EA4DDB /* DoodleTech.xctest */,
			);
			name = Products;
			sourceTree = "<group>";
		};
		D3CD812B1989FB0D00EA4DDB /* Frameworks */ = {
			isa = PBXGroup;
			children = (
				ABDE6EA81BA24FF2003506CE /* Crashlytics.framework */,
				39FFCA6A1AA283C100C7E5E3 /* TwitterKit.framework */,
				39FFCA6B1AA283C100C7E5E3 /* TwitterKitResources.bundle */,
				39FFCA6C1AA283C100C7E5E3 /* Fabric.framework */,
				39A8BCA41A99132A00948AB9 /* Accelerate.framework */,
				D3CD8169198A0E3D00EA4DDB /* QuartzCore.framework */,
				D3CD81641989FDE700EA4DDB /* AssetsLibrary.framework */,
				D3CD812C1989FB0D00EA4DDB /* Foundation.framework */,
				D3CD812E1989FB0D00EA4DDB /* CoreGraphics.framework */,
				D3CD81301989FB0D00EA4DDB /* UIKit.framework */,
			);
			name = Frameworks;
			sourceTree = "<group>";
		};
		D3CD81321989FB0D00EA4DDB /* Draw */ = {
			isa = PBXGroup;
			children = (
				39C3DDF21A997ABE002E0E9D /* RSColorPicker */,
				39A8BBC31A981D5500948AB9 /* KeegansFiles */,
				D3792A51198F7443006AC98D /* QuadDrawView.h */,
				D3792A50198F7443006AC98D /* QuadDrawView.m */,
				D3CD813B1989FB0D00EA4DDB /* AppDelegate.h */,
				D3CD813C1989FB0D00EA4DDB /* AppDelegate.m */,
				D3CD813E1989FB0D00EA4DDB /* Main.storyboard */,
				D3CD81441989FB0D00EA4DDB /* Images.xcassets */,
				D3CD81331989FB0D00EA4DDB /* Supporting Files */,
			);
			path = Draw;
			sourceTree = "<group>";
		};
		D3CD81331989FB0D00EA4DDB /* Supporting Files */ = {
			isa = PBXGroup;
			children = (
				D3CD81341989FB0D00EA4DDB /* DoodleTech-Info.plist */,
				D3CD81351989FB0D00EA4DDB /* InfoPlist.strings */,
				D3CD81381989FB0D00EA4DDB /* main.m */,
				D3CD813A1989FB0D00EA4DDB /* DoodleTech-Prefix.pch */,
			);
			name = "Supporting Files";
			sourceTree = "<group>";
		};
		D3CD81511989FB0D00EA4DDB /* DrawTests */ = {
			isa = PBXGroup;
			children = (
				D3CD81571989FB0D00EA4DDB /* DrawTests.m */,
				D3CD81521989FB0D00EA4DDB /* Supporting Files */,
			);
			path = DrawTests;
			sourceTree = "<group>";
		};
		D3CD81521989FB0D00EA4DDB /* Supporting Files */ = {
			isa = PBXGroup;
			children = (
				D3CD81531989FB0D00EA4DDB /* DoodleTechTests-Info.plist */,
				D3CD81541989FB0D00EA4DDB /* InfoPlist.strings */,
			);
			name = "Supporting Files";
			sourceTree = "<group>";
		};
/* End PBXGroup section */

/* Begin PBXNativeTarget section */
		D3CD81281989FB0D00EA4DDB /* DoodleTech */ = {
			isa = PBXNativeTarget;
			buildConfigurationList = D3CD815B1989FB0D00EA4DDB /* Build configuration list for PBXNativeTarget "DoodleTech" */;
			buildPhases = (
				D3CD81251989FB0D00EA4DDB /* Sources */,
				D3CD81261989FB0D00EA4DDB /* Frameworks */,
				D3CD81271989FB0D00EA4DDB /* Resources */,
				39FFCA691AA2839E00C7E5E3 /* ShellScript */,
			);
			buildRules = (
			);
			dependencies = (
			);
			name = DoodleTech;
			productName = Draw;
			productReference = D3CD81291989FB0D00EA4DDB /* DoodleTech.app */;
			productType = "com.apple.product-type.application";
		};
		D3CD81491989FB0D00EA4DDB /* DoodleTechTests */ = {
			isa = PBXNativeTarget;
			buildConfigurationList = D3CD815E1989FB0D00EA4DDB /* Build configuration list for PBXNativeTarget "DoodleTechTests" */;
			buildPhases = (
				D3CD81461989FB0D00EA4DDB /* Sources */,
				D3CD81471989FB0D00EA4DDB /* Frameworks */,
				D3CD81481989FB0D00EA4DDB /* Resources */,
			);
			buildRules = (
			);
			dependencies = (
				D3CD81501989FB0D00EA4DDB /* PBXTargetDependency */,
			);
			name = DoodleTechTests;
			productName = DrawTests;
			productReference = D3CD814A1989FB0D00EA4DDB /* DoodleTech.xctest */;
			productType = "com.apple.product-type.bundle.unit-test";
		};
/* End PBXNativeTarget section */

/* Begin PBXProject section */
		D3CD81211989FB0D00EA4DDB /* Project object */ = {
			isa = PBXProject;
			attributes = {
				LastUpgradeCheck = 0700;
				ORGANIZATIONNAME = polat;
				TargetAttributes = {
					D3CD81281989FB0D00EA4DDB = {
						DevelopmentTeam = 5GP7PUV829;
					};
					D3CD81491989FB0D00EA4DDB = {
						TestTargetID = D3CD81281989FB0D00EA4DDB;
					};
				};
			};
			buildConfigurationList = D3CD81241989FB0D00EA4DDB /* Build configuration list for PBXProject "DoodleTech" */;
			compatibilityVersion = "Xcode 6.3";
			developmentRegion = English;
			hasScannedForEncodings = 0;
			knownRegions = (
				en,
				Base,
			);
			mainGroup = D3CD81201989FB0D00EA4DDB;
			productRefGroup = D3CD812A1989FB0D00EA4DDB /* Products */;
			projectDirPath = "";
			projectRoot = "";
			targets = (
				D3CD81281989FB0D00EA4DDB /* DoodleTech */,
				D3CD81491989FB0D00EA4DDB /* DoodleTechTests */,
			);
		};
/* End PBXProject section */

/* Begin PBXResourcesBuildPhase section */
		D3CD81271989FB0D00EA4DDB /* Resources */ = {
			isa = PBXResourcesBuildPhase;
			buildActionMask = 2147483647;
			files = (
				3940AC491AAF4D7600A67BCF /* iStock_000014427448_Large1-SM.jpg in Resources */,
				AB3632831BC5FC6000B79B20 /* fr-language.png in Resources */,
				3950583A1AB45F5B00F4A873 /* SplashPage.png in Resources */,
				395058361AB3FCAE00F4A873 /* Toolbar-01.jpg in Resources */,
				391C3F481AA5AC030077835F /* en-share_newdrawing.png in Resources */,
				D3CD81451989FB0D00EA4DDB /* Images.xcassets in Resources */,
				391C3F3C1AA599D30077835F /* en-undo.png in Resources */,
				ABFFAB3E1BC30A3300454CF7 /* fr-share_banner.png in Resources */,
				391C3F371AA599D30077835F /* en-colour.png in Resources */,
				D3CD81371989FB0D00EA4DDB /* InfoPlist.strings in Resources */,
				391C3F381AA599D30077835F /* en-eraser.png in Resources */,
				ABFFAB3D1BC30A3300454CF7 /* en-share_banner.png in Resources */,
				ABFFAA4C1BC2F82B00454CF7 /* fr-background.png in Resources */,
				3940AC231AADB5B100A67BCF /* AppIcon76x76.png in Resources */,
				391C3F491AA5AC030077835F /* en-share_share.png in Resources */,
				3940AC031AADA9AA00A67BCF /* en-background.png in Resources */,
				ABFFAA0B1BC2D2E100454CF7 /* fr-redo.png in Resources */,
				ABFFAB4A1BC336D400454CF7 /* fr-share_back.png in Resources */,
				AB8F878E1B97C761004F6ACE /* DigitsKitResources.bundle in Resources */,
				395058341AB3F63000F4A873 /* sharebackground-01.jpg in Resources */,
				ABFFAB401BC30AE100454CF7 /* en-logo.png in Resources */,
				3940AC1D1AADABB300A67BCF /* iStock_000048547986_XXXLarge1.jpg in Resources */,
				ABFFAB461BC3271700454CF7 /* fr-logo.png in Resources */,
				3940AC171AADABB300A67BCF /* iStock_000027044374_Full1.jpg in Resources */,
				3940AC1A1AADABB300A67BCF /* iStock_000034045744_Double1.jpg in Resources */,
				ABFFAA0D1BC2D2E100454CF7 /* fr-undo.png in Resources */,
				3950582F1AB3ED3300F4A873 /* draw_background-SM-01.jpg in Resources */,
				3940AC151AADABB300A67BCF /* iStock_000017124788_Full1.jpg in Resources */,
				ABFFAA0C1BC2D2E100454CF7 /* fr-share.png in Resources */,
				3940AC2B1AADB68000A67BCF /* AppIcon40x40.png in Resources */,
				ABFFAA8F1BC3027900454CF7 /* fr-eraser.png in Resources */,
				391C3F471AA5AC030077835F /* en-share_back.png in Resources */,
				3940AC121AADABB300A67BCF /* HiRes 41.jpg in Resources */,
				3940AC4B1AAF4D7600A67BCF /* HiRes 41-SM.jpg in Resources */,
				3940AC461AAF4D7600A67BCF /* iStock_000027044374_Full1-SM.jpg in Resources */,
				3940AC421AAF4D7600A67BCF /* iStock_000034061454_Medium1-SM.jpg in Resources */,
				391C3F391AA599D30077835F /* en-redo.png in Resources */,
				3940AC191AADABB300A67BCF /* iStock_000027733133_Full1.jpg in Resources */,
				3940AC161AADABB300A67BCF /* iStock_000019745738_Double1.jpg in Resources */,
				AB3632821BC5FC6000B79B20 /* en-language.png in Resources */,
				3940AC451AAF4D7600A67BCF /* iStock_000027128226_Double1-SM.jpg in Resources */,
				ABFFAB4C1BC336D400454CF7 /* fr-share_share.png in Resources */,
				ABFFAA071BC2D2E100454CF7 /* fr-brush_size.png in Resources */,
				3940AC471AAF4D7600A67BCF /* iStock_000019745738_Double1-SM.jpg in Resources */,
				ABFFAB4B1BC336D400454CF7 /* fr-share_newdrawing.png in Resources */,
				ABFFAA081BC2D2E100454CF7 /* fr-colour.png in Resources */,
				D3CD81401989FB0D00EA4DDB /* Main.storyboard in Resources */,
				3940AC111AADABB300A67BCF /* HiRes 21.jpg in Resources */,
				ABFFAA951BC3079F00454CF7 /* fr-background_img.jpg in Resources */,
				3940AC181AADABB300A67BCF /* iStock_000027128226_Double1.jpg in Resources */,
				395058301AB3ED3300F4A873 /* en-background_img.jpg in Resources */,
				3940AC431AAF4D7600A67BCF /* iStock_000034045744_Double1-SM.jpg in Resources */,
				3940AC2F1AADC7EB00A67BCF /* UniversLTStd.otf in Resources */,
				3940AC411AAF4D7600A67BCF /* iStock_000040341042_Double1-SM.jpg in Resources */,
				391C3F2D1AA594F80077835F /* transparentbar-01.png in Resources */,
				3940AC401AAF4D7600A67BCF /* iStock_000048547986_XXXLarge1-SM.jpg in Resources */,
				3940AC4C1AAF4D7600A67BCF /* HiRes 21-SM.jpg in Resources */,
				3940AC4A1AAF4D7600A67BCF /* iStock_000009509902_Large1-SM.jpg in Resources */,
				3940AC2C1AADB68000A67BCF /* AppIcon40x40@2x.png in Resources */,
				391C3F3B1AA599D30077835F /* en-share.png in Resources */,
				39FFCA6E1AA283C100C7E5E3 /* TwitterKitResources.bundle in Resources */,
				3940AC291AADB68000A67BCF /* AppIcon29x29.png in Resources */,
				3940AC481AAF4D7600A67BCF /* iStock_000017124788_Full1-SM.jpg in Resources */,
				3940AC1C1AADABB300A67BCF /* iStock_000040341042_Double1.jpg in Resources */,
				3940AC1B1AADABB300A67BCF /* iStock_000034061454_Medium1.jpg in Resources */,
				3940AC2A1AADB68000A67BCF /* AppIcon29x29@2x.png in Resources */,
				391C3F3D1AA599D30077835F /* en-drawing_tool.png in Resources */,
				ABFFAA561BC3013B00454CF7 /* fr-drawing_tool.png in Resources */,
				3940AC441AAF4D7600A67BCF /* iStock_000027733133_Full1-SM.jpg in Resources */,
				3940AC241AADB5B100A67BCF /* AppIcon76x76@2x.png in Resources */,
				3940AC141AADABB300A67BCF /* iStock_000014427448_Large1.jpg in Resources */,
				3940AC131AADABB300A67BCF /* iStock_000009509902_Large1.jpg in Resources */,
				391C3F3F1AA5A21E0077835F /* en-brush_size.png in Resources */,
			);
			runOnlyForDeploymentPostprocessing = 0;
		};
		D3CD81481989FB0D00EA4DDB /* Resources */ = {
			isa = PBXResourcesBuildPhase;
			buildActionMask = 2147483647;
			files = (
				D3CD81561989FB0D00EA4DDB /* InfoPlist.strings in Resources */,
			);
			runOnlyForDeploymentPostprocessing = 0;
		};
/* End PBXResourcesBuildPhase section */

/* Begin PBXShellScriptBuildPhase section */
		39FFCA691AA2839E00C7E5E3 /* ShellScript */ = {
			isa = PBXShellScriptBuildPhase;
			buildActionMask = 2147483647;
			files = (
			);
			inputPaths = (
			);
			outputPaths = (
			);
			runOnlyForDeploymentPostprocessing = 0;
			shellPath = /bin/sh;
			shellScript = "./Fabric.framework/run 8a5d4b8eb23298f7b956ea15477ced7306fb2969 29c7df7286e6c0cca67ede51dd8ff7264c826b21b49b7ff1cb83ec3ce452e3b2";
		};
/* End PBXShellScriptBuildPhase section */

/* Begin PBXSourcesBuildPhase section */
		D3CD81251989FB0D00EA4DDB /* Sources */ = {
			isa = PBXSourcesBuildPhase;
			buildActionMask = 2147483647;
			files = (
				39C3DE391A997B0D002E0E9D /* TestColorViewController.m in Sources */,
				39C3DE2C1A997AE3002E0E9D /* BitmapRotationManipulator.m in Sources */,
				39C3DE231A997AE3002E0E9D /* BitmapContextRep.m in Sources */,
				39C3DE321A997AE3002E0E9D /* RSGenerateOperation.m in Sources */,
				39C3DE351A997AE3002E0E9D /* RSColorPickerAppDelegate.m in Sources */,
				D3CD813D1989FB0D00EA4DDB /* AppDelegate.m in Sources */,
				39C3DE2B1A997AE3002E0E9D /* BitmapDrawManipulator.m in Sources */,
				D3792A52198F7443006AC98D /* QuadDrawView.m in Sources */,
				39FEF5691AACE79300488B1A /* TweetViewController.m in Sources */,
				39C3DE2A1A997AE3002E0E9D /* BitmapCropManipulator.m in Sources */,
				39C3DE361A997AE3002E0E9D /* RSOpacitySlider.m in Sources */,
				39C3DE221A997AE3002E0E9D /* ANImageBitmapRep.m in Sources */,
				39C3DE331A997AE3002E0E9D /* RSSelectionLayer.m in Sources */,
				39C3DE271A997AE3002E0E9D /* CGContextCreator.m in Sources */,
				39A69DB91A9B068700198456 /* ShareViewController.m in Sources */,
				39A8BBBB1A98192400948AB9 /* WindowViewController.m in Sources */,
				39A8BBC81A981F8500948AB9 /* BackgroundTableViewController.m in Sources */,
				39C3DE291A997AE3002E0E9D /* BitmapContextManipulator.m in Sources */,
				39C3DE341A997AE3002E0E9D /* RSBrightnessSlider.m in Sources */,
				39C3DE241A997AE3002E0E9D /* NSImage+ANImageBitmapRep.m in Sources */,
				39C3DE2D1A997AE3002E0E9D /* BitmapScaleManipulator.m in Sources */,
				D3CD81391989FB0D00EA4DDB /* main.m in Sources */,
				39C3DE251A997AE3002E0E9D /* OSCommonImage.m in Sources */,
				39C3DE2F1A997AE3002E0E9D /* RSColorFunctions.m in Sources */,
				39C3DE311A997AE3002E0E9D /* RSColorPickerView.m in Sources */,
				39C3DE301A997AE3002E0E9D /* RSColorPickerState.m in Sources */,
				39C3DE2E1A997AE3002E0E9D /* BGRSLoupeLayer.m in Sources */,
				39C3DE281A997AE3002E0E9D /* CGImageContainer.m in Sources */,
				39A8BBC11A981CA000948AB9 /* SizeViewController.m in Sources */,
				39C3DE261A997AE3002E0E9D /* UIImage+ANImageBitmapRep.m in Sources */,
			);
			runOnlyForDeploymentPostprocessing = 0;
		};
		D3CD81461989FB0D00EA4DDB /* Sources */ = {
			isa = PBXSourcesBuildPhase;
			buildActionMask = 2147483647;
			files = (
				D3CD81581989FB0D00EA4DDB /* DrawTests.m in Sources */,
			);
			runOnlyForDeploymentPostprocessing = 0;
		};
/* End PBXSourcesBuildPhase section */

/* Begin PBXTargetDependency section */
		D3CD81501989FB0D00EA4DDB /* PBXTargetDependency */ = {
			isa = PBXTargetDependency;
			target = D3CD81281989FB0D00EA4DDB /* DoodleTech */;
			targetProxy = D3CD814F1989FB0D00EA4DDB /* PBXContainerItemProxy */;
		};
/* End PBXTargetDependency section */

/* Begin PBXVariantGroup section */
		D3CD81351989FB0D00EA4DDB /* InfoPlist.strings */ = {
			isa = PBXVariantGroup;
			children = (
				D3CD81361989FB0D00EA4DDB /* en */,
			);
			name = InfoPlist.strings;
			sourceTree = "<group>";
		};
		D3CD813E1989FB0D00EA4DDB /* Main.storyboard */ = {
			isa = PBXVariantGroup;
			children = (
				D3CD813F1989FB0D00EA4DDB /* Base */,
			);
			name = Main.storyboard;
			sourceTree = "<group>";
		};
		D3CD81541989FB0D00EA4DDB /* InfoPlist.strings */ = {
			isa = PBXVariantGroup;
			children = (
				D3CD81551989FB0D00EA4DDB /* en */,
			);
			name = InfoPlist.strings;
			sourceTree = "<group>";
		};
/* End PBXVariantGroup section */

/* Begin XCBuildConfiguration section */
		D3CD81591989FB0D00EA4DDB /* Debug */ = {
			isa = XCBuildConfiguration;
			buildSettings = {
				ALWAYS_SEARCH_USER_PATHS = NO;
				CLANG_CXX_LANGUAGE_STANDARD = "gnu++0x";
				CLANG_CXX_LIBRARY = "libc++";
				CLANG_ENABLE_MODULES = YES;
				CLANG_ENABLE_OBJC_ARC = YES;
				CLANG_WARN_BOOL_CONVERSION = YES;
				CLANG_WARN_CONSTANT_CONVERSION = YES;
				CLANG_WARN_DIRECT_OBJC_ISA_USAGE = YES_ERROR;
				CLANG_WARN_EMPTY_BODY = YES;
				CLANG_WARN_ENUM_CONVERSION = YES;
				CLANG_WARN_INT_CONVERSION = YES;
				CLANG_WARN_OBJC_ROOT_CLASS = YES_ERROR;
				CLANG_WARN__DUPLICATE_METHOD_MATCH = YES;
				"CODE_SIGN_IDENTITY[sdk=iphoneos*]" = "iPhone Developer";
				COPY_PHASE_STRIP = NO;
				ENABLE_TESTABILITY = YES;
				GCC_C_LANGUAGE_STANDARD = gnu99;
				GCC_DYNAMIC_NO_PIC = NO;
				GCC_OPTIMIZATION_LEVEL = 0;
				GCC_PREPROCESSOR_DEFINITIONS = (
					"DEBUG=1",
					"$(inherited)",
				);
				GCC_SYMBOLS_PRIVATE_EXTERN = NO;
				GCC_WARN_64_TO_32_BIT_CONVERSION = YES;
				GCC_WARN_ABOUT_RETURN_TYPE = YES_ERROR;
				GCC_WARN_UNDECLARED_SELECTOR = YES;
				GCC_WARN_UNINITIALIZED_AUTOS = YES_AGGRESSIVE;
				GCC_WARN_UNUSED_FUNCTION = YES;
				GCC_WARN_UNUSED_VARIABLE = YES;
				IPHONEOS_DEPLOYMENT_TARGET = 9.0;
				ONLY_ACTIVE_ARCH = YES;
				SDKROOT = iphoneos;
				TARGETED_DEVICE_FAMILY = 2;
			};
			name = Debug;
		};
		D3CD815A1989FB0D00EA4DDB /* Release */ = {
			isa = XCBuildConfiguration;
			buildSettings = {
				ALWAYS_SEARCH_USER_PATHS = NO;
				CLANG_CXX_LANGUAGE_STANDARD = "gnu++0x";
				CLANG_CXX_LIBRARY = "libc++";
				CLANG_ENABLE_MODULES = YES;
				CLANG_ENABLE_OBJC_ARC = YES;
				CLANG_WARN_BOOL_CONVERSION = YES;
				CLANG_WARN_CONSTANT_CONVERSION = YES;
				CLANG_WARN_DIRECT_OBJC_ISA_USAGE = YES_ERROR;
				CLANG_WARN_EMPTY_BODY = YES;
				CLANG_WARN_ENUM_CONVERSION = YES;
				CLANG_WARN_INT_CONVERSION = YES;
				CLANG_WARN_OBJC_ROOT_CLASS = YES_ERROR;
				CLANG_WARN__DUPLICATE_METHOD_MATCH = YES;
				"CODE_SIGN_IDENTITY[sdk=iphoneos*]" = "iPhone Developer";
				COPY_PHASE_STRIP = YES;
				ENABLE_NS_ASSERTIONS = NO;
				GCC_C_LANGUAGE_STANDARD = gnu99;
				GCC_WARN_64_TO_32_BIT_CONVERSION = YES;
				GCC_WARN_ABOUT_RETURN_TYPE = YES_ERROR;
				GCC_WARN_UNDECLARED_SELECTOR = YES;
				GCC_WARN_UNINITIALIZED_AUTOS = YES_AGGRESSIVE;
				GCC_WARN_UNUSED_FUNCTION = YES;
				GCC_WARN_UNUSED_VARIABLE = YES;
				IPHONEOS_DEPLOYMENT_TARGET = 9.0;
				SDKROOT = iphoneos;
				TARGETED_DEVICE_FAMILY = 2;
				VALIDATE_PRODUCT = YES;
			};
			name = Release;
		};
		D3CD815C1989FB0D00EA4DDB /* Debug */ = {
			isa = XCBuildConfiguration;
			buildSettings = {
				ASSETCATALOG_COMPILER_APPICON_NAME = AppIcon;
				ASSETCATALOG_COMPILER_LAUNCHIMAGE_NAME = LaunchImage;
				CODE_SIGN_IDENTITY = "iPhone Developer";
				"CODE_SIGN_IDENTITY[sdk=iphoneos*]" = "iPhone Developer";
				ENABLE_BITCODE = NO;
				FRAMEWORK_SEARCH_PATHS = "$(PROJECT_DIR)";
				GCC_PRECOMPILE_PREFIX_HEADER = YES;
				GCC_PREFIX_HEADER = "Draw/DoodleTech-Prefix.pch";
				INFOPLIST_FILE = "Draw/DoodleTech-Info.plist";
				IPHONEOS_DEPLOYMENT_TARGET = 9.0;
				PRODUCT_BUNDLE_IDENTIFIER = "com.Resonator.$(PRODUCT_NAME:rfc1034identifier)";
				PRODUCT_NAME = DoodleTech;
				PROVISIONING_PROFILE = "";
				TARGETED_DEVICE_FAMILY = 2;
				WRAPPER_EXTENSION = app;
			};
			name = Debug;
		};
		D3CD815D1989FB0D00EA4DDB /* Release */ = {
			isa = XCBuildConfiguration;
			buildSettings = {
				ASSETCATALOG_COMPILER_APPICON_NAME = AppIcon;
				ASSETCATALOG_COMPILER_LAUNCHIMAGE_NAME = LaunchImage;
				CLANG_USE_OPTIMIZATION_PROFILE = YES;
				CODE_SIGN_IDENTITY = "iPhone Developer";
				"CODE_SIGN_IDENTITY[sdk=iphoneos*]" = "iPhone Developer";
				ENABLE_BITCODE = NO;
				FRAMEWORK_SEARCH_PATHS = "$(PROJECT_DIR)";
				GCC_PRECOMPILE_PREFIX_HEADER = YES;
				GCC_PREFIX_HEADER = "Draw/DoodleTech-Prefix.pch";
				INFOPLIST_FILE = "Draw/DoodleTech-Info.plist";
				IPHONEOS_DEPLOYMENT_TARGET = 9.0;
				PRODUCT_BUNDLE_IDENTIFIER = "com.Resonator.$(PRODUCT_NAME:rfc1034identifier)";
				PRODUCT_NAME = DoodleTech;
				PROVISIONING_PROFILE = "";
				TARGETED_DEVICE_FAMILY = 2;
				WRAPPER_EXTENSION = app;
			};
			name = Release;
		};
		D3CD815F1989FB0D00EA4DDB /* Debug */ = {
			isa = XCBuildConfiguration;
			buildSettings = {
				BUNDLE_LOADER = "$(BUILT_PRODUCTS_DIR)/Draw.app/Draw";
				FRAMEWORK_SEARCH_PATHS = "";
				GCC_PRECOMPILE_PREFIX_HEADER = YES;
				GCC_PREFIX_HEADER = "Draw/DoodleTech-Prefix.pch";
				GCC_PREPROCESSOR_DEFINITIONS = (
					"DEBUG=1",
					"$(inherited)",
				);
				INFOPLIST_FILE = "DrawTests/DoodleTechTests-Info.plist";
				PRODUCT_BUNDLE_IDENTIFIER = "net.world-software.${PRODUCT_NAME:rfc1034identifier}";
				PRODUCT_NAME = DoodleTech;
				TEST_HOST = "$(BUNDLE_LOADER)";
				WRAPPER_EXTENSION = xctest;
			};
			name = Debug;
		};
		D3CD81601989FB0D00EA4DDB /* Release */ = {
			isa = XCBuildConfiguration;
			buildSettings = {
				BUNDLE_LOADER = "$(BUILT_PRODUCTS_DIR)/Draw.app/Draw";
				FRAMEWORK_SEARCH_PATHS = "";
				GCC_PRECOMPILE_PREFIX_HEADER = YES;
				GCC_PREFIX_HEADER = "Draw/DoodleTech-Prefix.pch";
				INFOPLIST_FILE = "DrawTests/DoodleTechTests-Info.plist";
				PRODUCT_BUNDLE_IDENTIFIER = "net.world-software.${PRODUCT_NAME:rfc1034identifier}";
				PRODUCT_NAME = DoodleTech;
				TEST_HOST = "$(BUNDLE_LOADER)";
				WRAPPER_EXTENSION = xctest;
			};
			name = Release;
		};
/* End XCBuildConfiguration section */

/* Begin XCConfigurationList section */
		D3CD81241989FB0D00EA4DDB /* Build configuration list for PBXProject "DoodleTech" */ = {
			isa = XCConfigurationList;
			buildConfigurations = (
				D3CD81591989FB0D00EA4DDB /* Debug */,
				D3CD815A1989FB0D00EA4DDB /* Release */,
			);
			defaultConfigurationIsVisible = 0;
			defaultConfigurationName = Release;
		};
		D3CD815B1989FB0D00EA4DDB /* Build configuration list for PBXNativeTarget "DoodleTech" */ = {
			isa = XCConfigurationList;
			buildConfigurations = (
				D3CD815C1989FB0D00EA4DDB /* Debug */,
				D3CD815D1989FB0D00EA4DDB /* Release */,
			);
			defaultConfigurationIsVisible = 0;
			defaultConfigurationName = Release;
		};
		D3CD815E1989FB0D00EA4DDB /* Build configuration list for PBXNativeTarget "DoodleTechTests" */ = {
			isa = XCConfigurationList;
			buildConfigurations = (
				D3CD815F1989FB0D00EA4DDB /* Debug */,
				D3CD81601989FB0D00EA4DDB /* Release */,
			);
			defaultConfigurationIsVisible = 0;
			defaultConfigurationName = Release;
		};
/* End XCConfigurationList section */
	};
	rootObject = D3CD81211989FB0D00EA4DDB /* Project object */;
}
